// !$*UTF8*$!
{
	archiveVersion = 1;
	classes = {
	};
	objectVersion = 55;
	objects = {

/* Begin PBXBuildFile section */
		531BB9760FEBF2AF2D8FA923 /* Pods_SkillboxDrive.framework in Frameworks */ = {isa = PBXBuildFile; fileRef = B7C82EA2B9B4EBEF875B8675 /* Pods_SkillboxDrive.framework */; };
		6B177E812AF942B900F43811 /* AuthViewController.swift in Sources */ = {isa = PBXBuildFile; fileRef = 6B177E802AF942B900F43811 /* AuthViewController.swift */; };
		6B177E832AF973ED00F43811 /* DiskResponse.swift in Sources */ = {isa = PBXBuildFile; fileRef = 6B177E822AF973ED00F43811 /* DiskResponse.swift */; };
		6B205F322AD5736A001BB4CD /* Constants.swift in Sources */ = {isa = PBXBuildFile; fileRef = 6B205F312AD5736A001BB4CD /* Constants.swift */; };
		6B205F342AD587ED001BB4CD /* CustomOnboardingCell.swift in Sources */ = {isa = PBXBuildFile; fileRef = 6B205F332AD587ED001BB4CD /* CustomOnboardingCell.swift */; };
		6B295E8A2AD81DC4003FD56C /* LoginScreenModel.swift in Sources */ = {isa = PBXBuildFile; fileRef = 6B295E892AD81DC4003FD56C /* LoginScreenModel.swift */; };
		6B295E8C2AD81DF7003FD56C /* LoginScreenPresenter.swift in Sources */ = {isa = PBXBuildFile; fileRef = 6B295E8B2AD81DF7003FD56C /* LoginScreenPresenter.swift */; };
		6B295E902AD84CAF003FD56C /* Localize.strings in Resources */ = {isa = PBXBuildFile; fileRef = 6B295E922AD84CAF003FD56C /* Localize.strings */; };
		6BA0F76F2AE95D3D007EE8FC /* ProfileModel.swift in Sources */ = {isa = PBXBuildFile; fileRef = 6BA0F76E2AE95D3D007EE8FC /* ProfileModel.swift */; };
		6BA0F7712AE95D56007EE8FC /* ProfilePresenter.swift in Sources */ = {isa = PBXBuildFile; fileRef = 6BA0F7702AE95D56007EE8FC /* ProfilePresenter.swift */; };
		6BC3FC382AD71EB800A86FF6 /* LoginScreenViewController.swift in Sources */ = {isa = PBXBuildFile; fileRef = 6BC3FC372AD71EB800A86FF6 /* LoginScreenViewController.swift */; };
		6BEEF0E62ACEC47000BBE68D /* AppDelegate.swift in Sources */ = {isa = PBXBuildFile; fileRef = 6BEEF0E52ACEC47000BBE68D /* AppDelegate.swift */; };
		6BEEF0E82ACEC47000BBE68D /* SceneDelegate.swift in Sources */ = {isa = PBXBuildFile; fileRef = 6BEEF0E72ACEC47000BBE68D /* SceneDelegate.swift */; };
		6BEEF0EA2ACEC47000BBE68D /* ProfileViewController.swift in Sources */ = {isa = PBXBuildFile; fileRef = 6BEEF0E92ACEC47000BBE68D /* ProfileViewController.swift */; };
		6BEEF0F02ACEC47000BBE68D /* SkillboxDrive.xcdatamodeld in Sources */ = {isa = PBXBuildFile; fileRef = 6BEEF0EE2ACEC47000BBE68D /* SkillboxDrive.xcdatamodeld */; };
		6BEEF0F22ACEC47100BBE68D /* Assets.xcassets in Resources */ = {isa = PBXBuildFile; fileRef = 6BEEF0F12ACEC47100BBE68D /* Assets.xcassets */; };
		6BEEF0F52ACEC47100BBE68D /* LaunchScreen.storyboard in Resources */ = {isa = PBXBuildFile; fileRef = 6BEEF0F32ACEC47100BBE68D /* LaunchScreen.storyboard */; };
		6BEEF1012ACED85700BBE68D /* LatestViewController.swift in Sources */ = {isa = PBXBuildFile; fileRef = 6BEEF1002ACED85700BBE68D /* LatestViewController.swift */; };
		6BEEF1032ACED86700BBE68D /* AllFilesViewController.swift in Sources */ = {isa = PBXBuildFile; fileRef = 6BEEF1022ACED86700BBE68D /* AllFilesViewController.swift */; };
		6BEEF1062ACED97D00BBE68D /* OnboardingViewController.swift in Sources */ = {isa = PBXBuildFile; fileRef = 6BEEF1052ACED97D00BBE68D /* OnboardingViewController.swift */; };
		6BEEF1082ACED9EE00BBE68D /* OnboardingModel.swift in Sources */ = {isa = PBXBuildFile; fileRef = 6BEEF1072ACED9EE00BBE68D /* OnboardingModel.swift */; };
		6BEEF10A2ACED9FE00BBE68D /* OnboardingPresenter.swift in Sources */ = {isa = PBXBuildFile; fileRef = 6BEEF1092ACED9FE00BBE68D /* OnboardingPresenter.swift */; };
/* End PBXBuildFile section */

/* Begin PBXFileReference section */
		6B177E802AF942B900F43811 /* AuthViewController.swift */ = {isa = PBXFileReference; lastKnownFileType = sourcecode.swift; path = AuthViewController.swift; sourceTree = "<group>"; };
		6B177E822AF973ED00F43811 /* DiskResponse.swift */ = {isa = PBXFileReference; lastKnownFileType = sourcecode.swift; path = DiskResponse.swift; sourceTree = "<group>"; };
		6B205F312AD5736A001BB4CD /* Constants.swift */ = {isa = PBXFileReference; lastKnownFileType = sourcecode.swift; path = Constants.swift; sourceTree = "<group>"; };
		6B205F332AD587ED001BB4CD /* CustomOnboardingCell.swift */ = {isa = PBXFileReference; lastKnownFileType = sourcecode.swift; path = CustomOnboardingCell.swift; sourceTree = "<group>"; };
		6B295E892AD81DC4003FD56C /* LoginScreenModel.swift */ = {isa = PBXFileReference; lastKnownFileType = sourcecode.swift; path = LoginScreenModel.swift; sourceTree = "<group>"; };
		6B295E8B2AD81DF7003FD56C /* LoginScreenPresenter.swift */ = {isa = PBXFileReference; lastKnownFileType = sourcecode.swift; path = LoginScreenPresenter.swift; sourceTree = "<group>"; };
		6B295E8D2AD84C3E003FD56C /* ru */ = {isa = PBXFileReference; lastKnownFileType = text.plist.strings; name = ru; path = ru.lproj/LaunchScreen.strings; sourceTree = "<group>"; };
		6B295E912AD84CAF003FD56C /* ru */ = {isa = PBXFileReference; lastKnownFileType = text.plist.strings; name = ru; path = ru.lproj/Localize.strings; sourceTree = "<group>"; };
		6B295E932AD84CB3003FD56C /* en */ = {isa = PBXFileReference; lastKnownFileType = text.plist.strings; name = en; path = en.lproj/Localize.strings; sourceTree = "<group>"; };
		6BA0F76E2AE95D3D007EE8FC /* ProfileModel.swift */ = {isa = PBXFileReference; lastKnownFileType = sourcecode.swift; path = ProfileModel.swift; sourceTree = "<group>"; };
		6BA0F7702AE95D56007EE8FC /* ProfilePresenter.swift */ = {isa = PBXFileReference; lastKnownFileType = sourcecode.swift; path = ProfilePresenter.swift; sourceTree = "<group>"; };
		6BC3FC372AD71EB800A86FF6 /* LoginScreenViewController.swift */ = {isa = PBXFileReference; lastKnownFileType = sourcecode.swift; path = LoginScreenViewController.swift; sourceTree = "<group>"; };
		6BEEF0E22ACEC47000BBE68D /* SkillboxDrive.app */ = {isa = PBXFileReference; explicitFileType = wrapper.application; includeInIndex = 0; path = SkillboxDrive.app; sourceTree = BUILT_PRODUCTS_DIR; };
		6BEEF0E52ACEC47000BBE68D /* AppDelegate.swift */ = {isa = PBXFileReference; lastKnownFileType = sourcecode.swift; path = AppDelegate.swift; sourceTree = "<group>"; };
		6BEEF0E72ACEC47000BBE68D /* SceneDelegate.swift */ = {isa = PBXFileReference; lastKnownFileType = sourcecode.swift; path = SceneDelegate.swift; sourceTree = "<group>"; };
		6BEEF0E92ACEC47000BBE68D /* ProfileViewController.swift */ = {isa = PBXFileReference; lastKnownFileType = sourcecode.swift; path = ProfileViewController.swift; sourceTree = "<group>"; };
		6BEEF0EF2ACEC47000BBE68D /* SkillboxDrive.xcdatamodel */ = {isa = PBXFileReference; lastKnownFileType = wrapper.xcdatamodel; path = SkillboxDrive.xcdatamodel; sourceTree = "<group>"; };
		6BEEF0F12ACEC47100BBE68D /* Assets.xcassets */ = {isa = PBXFileReference; lastKnownFileType = folder.assetcatalog; path = Assets.xcassets; sourceTree = "<group>"; };
		6BEEF0F42ACEC47100BBE68D /* Base */ = {isa = PBXFileReference; lastKnownFileType = file.storyboard; name = Base; path = Base.lproj/LaunchScreen.storyboard; sourceTree = "<group>"; };
		6BEEF0F62ACEC47100BBE68D /* Info.plist */ = {isa = PBXFileReference; lastKnownFileType = text.plist.xml; path = Info.plist; sourceTree = "<group>"; };
		6BEEF1002ACED85700BBE68D /* LatestViewController.swift */ = {isa = PBXFileReference; lastKnownFileType = sourcecode.swift; path = LatestViewController.swift; sourceTree = "<group>"; };
		6BEEF1022ACED86700BBE68D /* AllFilesViewController.swift */ = {isa = PBXFileReference; lastKnownFileType = sourcecode.swift; path = AllFilesViewController.swift; sourceTree = "<group>"; };
		6BEEF1052ACED97D00BBE68D /* OnboardingViewController.swift */ = {isa = PBXFileReference; lastKnownFileType = sourcecode.swift; path = OnboardingViewController.swift; sourceTree = "<group>"; };
		6BEEF1072ACED9EE00BBE68D /* OnboardingModel.swift */ = {isa = PBXFileReference; lastKnownFileType = sourcecode.swift; path = OnboardingModel.swift; sourceTree = "<group>"; };
		6BEEF1092ACED9FE00BBE68D /* OnboardingPresenter.swift */ = {isa = PBXFileReference; lastKnownFileType = sourcecode.swift; path = OnboardingPresenter.swift; sourceTree = "<group>"; };
		8D2BBF3C3FCB414F081C3D08 /* Pods-SkillboxDrive.release.xcconfig */ = {isa = PBXFileReference; includeInIndex = 1; lastKnownFileType = text.xcconfig; name = "Pods-SkillboxDrive.release.xcconfig"; path = "Target Support Files/Pods-SkillboxDrive/Pods-SkillboxDrive.release.xcconfig"; sourceTree = "<group>"; };
		B7C82EA2B9B4EBEF875B8675 /* Pods_SkillboxDrive.framework */ = {isa = PBXFileReference; explicitFileType = wrapper.framework; includeInIndex = 0; path = Pods_SkillboxDrive.framework; sourceTree = BUILT_PRODUCTS_DIR; };
		E521CEC29C4BD08272839C9B /* Pods-SkillboxDrive.debug.xcconfig */ = {isa = PBXFileReference; includeInIndex = 1; lastKnownFileType = text.xcconfig; name = "Pods-SkillboxDrive.debug.xcconfig"; path = "Target Support Files/Pods-SkillboxDrive/Pods-SkillboxDrive.debug.xcconfig"; sourceTree = "<group>"; };
/* End PBXFileReference section */

/* Begin PBXFrameworksBuildPhase section */
		6BEEF0DF2ACEC47000BBE68D /* Frameworks */ = {
			isa = PBXFrameworksBuildPhase;
			buildActionMask = 2147483647;
			files = (
				531BB9760FEBF2AF2D8FA923 /* Pods_SkillboxDrive.framework in Frameworks */,
			);
			runOnlyForDeploymentPostprocessing = 0;
		};
/* End PBXFrameworksBuildPhase section */

/* Begin PBXGroup section */
		6B177E7F2AF9428300F43811 /* Authorization */ = {
			isa = PBXGroup;
			children = (
				6B177E802AF942B900F43811 /* AuthViewController.swift */,
				6B177E822AF973ED00F43811 /* DiskResponse.swift */,
			);
			path = Authorization;
			sourceTree = "<group>";
		};
		6B205F302AD572E0001BB4CD /* Constants */ = {
			isa = PBXGroup;
			children = (
				6B205F312AD5736A001BB4CD /* Constants.swift */,
			);
			path = Constants;
			sourceTree = "<group>";
		};
		6BC3FC392AD71EBF00A86FF6 /* LoginScreen */ = {
			isa = PBXGroup;
			children = (
				6B295E892AD81DC4003FD56C /* LoginScreenModel.swift */,
				6BC3FC372AD71EB800A86FF6 /* LoginScreenViewController.swift */,
				6B295E8B2AD81DF7003FD56C /* LoginScreenPresenter.swift */,
			);
			path = LoginScreen;
			sourceTree = "<group>";
		};
		6BEEF0D92ACEC47000BBE68D = {
			isa = PBXGroup;
			children = (
				6BEEF0E42ACEC47000BBE68D /* SkillboxDrive */,
				6BEEF0E32ACEC47000BBE68D /* Products */,
				83627F2AA876CF14B63BCC28 /* Pods */,
				7263AE6E68AABB8E3FE7F8EF /* Frameworks */,
			);
			sourceTree = "<group>";
		};
		6BEEF0E32ACEC47000BBE68D /* Products */ = {
			isa = PBXGroup;
			children = (
				6BEEF0E22ACEC47000BBE68D /* SkillboxDrive.app */,
			);
			name = Products;
			sourceTree = "<group>";
		};
		6BEEF0E42ACEC47000BBE68D /* SkillboxDrive */ = {
			isa = PBXGroup;
			children = (
				6BEEF0E52ACEC47000BBE68D /* AppDelegate.swift */,
				6BEEF0E72ACEC47000BBE68D /* SceneDelegate.swift */,
				6B205F302AD572E0001BB4CD /* Constants */,
				6BEEF1042ACED96200BBE68D /* Onboarding */,
				6B177E7F2AF9428300F43811 /* Authorization */,
				6BC3FC392AD71EBF00A86FF6 /* LoginScreen */,
				6BEEF0FC2ACED77100BBE68D /* MainTabBar */,
				6BEEF0F12ACEC47100BBE68D /* Assets.xcassets */,
				6B295E922AD84CAF003FD56C /* Localize.strings */,
				6BEEF0F32ACEC47100BBE68D /* LaunchScreen.storyboard */,
				6BEEF0F62ACEC47100BBE68D /* Info.plist */,
				6BEEF0EE2ACEC47000BBE68D /* SkillboxDrive.xcdatamodeld */,
			);
			path = SkillboxDrive;
			sourceTree = "<group>";
		};
		6BEEF0FC2ACED77100BBE68D /* MainTabBar */ = {
			isa = PBXGroup;
			children = (
				6BEEF0FD2ACED7D300BBE68D /* Profile */,
				6BEEF0FE2ACED7E300BBE68D /* Latest */,
				6BEEF0FF2ACED7F400BBE68D /* AllFiles */,
			);
			path = MainTabBar;
			sourceTree = "<group>";
		};
		6BEEF0FD2ACED7D300BBE68D /* Profile */ = {
			isa = PBXGroup;
			children = (
				6BA0F76E2AE95D3D007EE8FC /* ProfileModel.swift */,
				6BEEF0E92ACEC47000BBE68D /* ProfileViewController.swift */,
				6BA0F7702AE95D56007EE8FC /* ProfilePresenter.swift */,
			);
			path = Profile;
			sourceTree = "<group>";
		};
		6BEEF0FE2ACED7E300BBE68D /* Latest */ = {
			isa = PBXGroup;
			children = (
				6BEEF1002ACED85700BBE68D /* LatestViewController.swift */,
			);
			path = Latest;
			sourceTree = "<group>";
		};
		6BEEF0FF2ACED7F400BBE68D /* AllFiles */ = {
			isa = PBXGroup;
			children = (
				6BEEF1022ACED86700BBE68D /* AllFilesViewController.swift */,
			);
			path = AllFiles;
			sourceTree = "<group>";
		};
		6BEEF1042ACED96200BBE68D /* Onboarding */ = {
			isa = PBXGroup;
			children = (
				6B205F332AD587ED001BB4CD /* CustomOnboardingCell.swift */,
				6BEEF1072ACED9EE00BBE68D /* OnboardingModel.swift */,
				6BEEF1052ACED97D00BBE68D /* OnboardingViewController.swift */,
				6BEEF1092ACED9FE00BBE68D /* OnboardingPresenter.swift */,
			);
			path = Onboarding;
			sourceTree = "<group>";
		};
		7263AE6E68AABB8E3FE7F8EF /* Frameworks */ = {
			isa = PBXGroup;
			children = (
				B7C82EA2B9B4EBEF875B8675 /* Pods_SkillboxDrive.framework */,
			);
			name = Frameworks;
			sourceTree = "<group>";
		};
		83627F2AA876CF14B63BCC28 /* Pods */ = {
			isa = PBXGroup;
			children = (
				E521CEC29C4BD08272839C9B /* Pods-SkillboxDrive.debug.xcconfig */,
				8D2BBF3C3FCB414F081C3D08 /* Pods-SkillboxDrive.release.xcconfig */,
			);
			path = Pods;
			sourceTree = "<group>";
		};
/* End PBXGroup section */

/* Begin PBXNativeTarget section */
		6BEEF0E12ACEC47000BBE68D /* SkillboxDrive */ = {
			isa = PBXNativeTarget;
			buildConfigurationList = 6BEEF0F92ACEC47100BBE68D /* Build configuration list for PBXNativeTarget "SkillboxDrive" */;
			buildPhases = (
				EBE1658AC6D6F42F7CE21A83 /* [CP] Check Pods Manifest.lock */,
				6BEEF0DE2ACEC47000BBE68D /* Sources */,
				6BEEF0DF2ACEC47000BBE68D /* Frameworks */,
				6BEEF0E02ACEC47000BBE68D /* Resources */,
				2E380983ACEA1F615B63673F /* [CP] Embed Pods Frameworks */,
			);
			buildRules = (
			);
			dependencies = (
			);
			name = SkillboxDrive;
			productName = SkillboxDrive;
			productReference = 6BEEF0E22ACEC47000BBE68D /* SkillboxDrive.app */;
			productType = "com.apple.product-type.application";
		};
/* End PBXNativeTarget section */

/* Begin PBXProject section */
		6BEEF0DA2ACEC47000BBE68D /* Project object */ = {
			isa = PBXProject;
			attributes = {
				BuildIndependentTargetsInParallel = 1;
				LastSwiftUpdateCheck = 1320;
				LastUpgradeCheck = 1320;
				TargetAttributes = {
					6BEEF0E12ACEC47000BBE68D = {
						CreatedOnToolsVersion = 13.2.1;
					};
				};
			};
			buildConfigurationList = 6BEEF0DD2ACEC47000BBE68D /* Build configuration list for PBXProject "SkillboxDrive" */;
			compatibilityVersion = "Xcode 13.0";
			developmentRegion = en;
			hasScannedForEncodings = 0;
			knownRegions = (
				en,
				Base,
				ru,
			);
			mainGroup = 6BEEF0D92ACEC47000BBE68D;
			productRefGroup = 6BEEF0E32ACEC47000BBE68D /* Products */;
			projectDirPath = "";
			projectRoot = "";
			targets = (
				6BEEF0E12ACEC47000BBE68D /* SkillboxDrive */,
			);
		};
/* End PBXProject section */

/* Begin PBXResourcesBuildPhase section */
		6BEEF0E02ACEC47000BBE68D /* Resources */ = {
			isa = PBXResourcesBuildPhase;
			buildActionMask = 2147483647;
			files = (
				6BEEF0F52ACEC47100BBE68D /* LaunchScreen.storyboard in Resources */,
				6BEEF0F22ACEC47100BBE68D /* Assets.xcassets in Resources */,
				6B295E902AD84CAF003FD56C /* Localize.strings in Resources */,
			);
			runOnlyForDeploymentPostprocessing = 0;
		};
/* End PBXResourcesBuildPhase section */

/* Begin PBXShellScriptBuildPhase section */
		2E380983ACEA1F615B63673F /* [CP] Embed Pods Frameworks */ = {
			isa = PBXShellScriptBuildPhase;
			buildActionMask = 2147483647;
			files = (
			);
			inputFileListPaths = (
				"${PODS_ROOT}/Target Support Files/Pods-SkillboxDrive/Pods-SkillboxDrive-frameworks-${CONFIGURATION}-input-files.xcfilelist",
			);
			name = "[CP] Embed Pods Frameworks";
			outputFileListPaths = (
				"${PODS_ROOT}/Target Support Files/Pods-SkillboxDrive/Pods-SkillboxDrive-frameworks-${CONFIGURATION}-output-files.xcfilelist",
			);
			runOnlyForDeploymentPostprocessing = 0;
			shellPath = /bin/sh;
			shellScript = "\"${PODS_ROOT}/Target Support Files/Pods-SkillboxDrive/Pods-SkillboxDrive-frameworks.sh\"\n";
			showEnvVarsInLog = 0;
		};
		EBE1658AC6D6F42F7CE21A83 /* [CP] Check Pods Manifest.lock */ = {
			isa = PBXShellScriptBuildPhase;
			buildActionMask = 2147483647;
			files = (
			);
			inputFileListPaths = (
			);
			inputPaths = (
				"${PODS_PODFILE_DIR_PATH}/Podfile.lock",
				"${PODS_ROOT}/Manifest.lock",
			);
			name = "[CP] Check Pods Manifest.lock";
			outputFileListPaths = (
			);
			outputPaths = (
				"$(DERIVED_FILE_DIR)/Pods-SkillboxDrive-checkManifestLockResult.txt",
			);
			runOnlyForDeploymentPostprocessing = 0;
			shellPath = /bin/sh;
			shellScript = "diff \"${PODS_PODFILE_DIR_PATH}/Podfile.lock\" \"${PODS_ROOT}/Manifest.lock\" > /dev/null\nif [ $? != 0 ] ; then\n    # print error to STDERR\n    echo \"error: The sandbox is not in sync with the Podfile.lock. Run 'pod install' or update your CocoaPods installation.\" >&2\n    exit 1\nfi\n# This output is used by Xcode 'outputs' to avoid re-running this script phase.\necho \"SUCCESS\" > \"${SCRIPT_OUTPUT_FILE_0}\"\n";
			showEnvVarsInLog = 0;
		};
/* End PBXShellScriptBuildPhase section */

/* Begin PBXSourcesBuildPhase section */
		6BEEF0DE2ACEC47000BBE68D /* Sources */ = {
			isa = PBXSourcesBuildPhase;
			buildActionMask = 2147483647;
			files = (
				6BA0F76F2AE95D3D007EE8FC /* ProfileModel.swift in Sources */,
				6B177E832AF973ED00F43811 /* DiskResponse.swift in Sources */,
				6BEEF0F02ACEC47000BBE68D /* SkillboxDrive.xcdatamodeld in Sources */,
				6BEEF0EA2ACEC47000BBE68D /* ProfileViewController.swift in Sources */,
				6BC3FC382AD71EB800A86FF6 /* LoginScreenViewController.swift in Sources */,
				6B295E8A2AD81DC4003FD56C /* LoginScreenModel.swift in Sources */,
				6BEEF0E62ACEC47000BBE68D /* AppDelegate.swift in Sources */,
				6B205F342AD587ED001BB4CD /* CustomOnboardingCell.swift in Sources */,
				6BEEF10A2ACED9FE00BBE68D /* OnboardingPresenter.swift in Sources */,
				6B205F322AD5736A001BB4CD /* Constants.swift in Sources */,
				6B177E812AF942B900F43811 /* AuthViewController.swift in Sources */,
				6BEEF0E82ACEC47000BBE68D /* SceneDelegate.swift in Sources */,
				6BA0F7712AE95D56007EE8FC /* ProfilePresenter.swift in Sources */,
				6BEEF1082ACED9EE00BBE68D /* OnboardingModel.swift in Sources */,
				6B295E8C2AD81DF7003FD56C /* LoginScreenPresenter.swift in Sources */,
				6BEEF1062ACED97D00BBE68D /* OnboardingViewController.swift in Sources */,
				6BEEF1032ACED86700BBE68D /* AllFilesViewController.swift in Sources */,
				6BEEF1012ACED85700BBE68D /* LatestViewController.swift in Sources */,
			);
			runOnlyForDeploymentPostprocessing = 0;
		};
/* End PBXSourcesBuildPhase section */

/* Begin PBXVariantGroup section */
		6B295E922AD84CAF003FD56C /* Localize.strings */ = {
			isa = PBXVariantGroup;
			children = (
				6B295E912AD84CAF003FD56C /* ru */,
				6B295E932AD84CB3003FD56C /* en */,
			);
			name = Localize.strings;
			sourceTree = "<group>";
		};
		6BEEF0F32ACEC47100BBE68D /* LaunchScreen.storyboard */ = {
			isa = PBXVariantGroup;
			children = (
				6BEEF0F42ACEC47100BBE68D /* Base */,
				6B295E8D2AD84C3E003FD56C /* ru */,
			);
			name = LaunchScreen.storyboard;
			sourceTree = "<group>";
		};
/* End PBXVariantGroup section */

/* Begin XCBuildConfiguration section */
		6BEEF0F72ACEC47100BBE68D /* Debug */ = {
			isa = XCBuildConfiguration;
			buildSettings = {
				ALWAYS_SEARCH_USER_PATHS = NO;
				CLANG_ANALYZER_LOCALIZABILITY_NONLOCALIZED = YES;
				CLANG_ANALYZER_NONNULL = YES;
				CLANG_ANALYZER_NUMBER_OBJECT_CONVERSION = YES_AGGRESSIVE;
				CLANG_CXX_LANGUAGE_STANDARD = "gnu++17";
				CLANG_CXX_LIBRARY = "libc++";
				CLANG_ENABLE_MODULES = YES;
				CLANG_ENABLE_OBJC_ARC = YES;
				CLANG_ENABLE_OBJC_WEAK = YES;
				CLANG_WARN_BLOCK_CAPTURE_AUTORELEASING = YES;
				CLANG_WARN_BOOL_CONVERSION = YES;
				CLANG_WARN_COMMA = YES;
				CLANG_WARN_CONSTANT_CONVERSION = YES;
				CLANG_WARN_DEPRECATED_OBJC_IMPLEMENTATIONS = YES;
				CLANG_WARN_DIRECT_OBJC_ISA_USAGE = YES_ERROR;
				CLANG_WARN_DOCUMENTATION_COMMENTS = YES;
				CLANG_WARN_EMPTY_BODY = YES;
				CLANG_WARN_ENUM_CONVERSION = YES;
				CLANG_WARN_INFINITE_RECURSION = YES;
				CLANG_WARN_INT_CONVERSION = YES;
				CLANG_WARN_NON_LITERAL_NULL_CONVERSION = YES;
				CLANG_WARN_OBJC_IMPLICIT_RETAIN_SELF = YES;
				CLANG_WARN_OBJC_LITERAL_CONVERSION = YES;
				CLANG_WARN_OBJC_ROOT_CLASS = YES_ERROR;
				CLANG_WARN_QUOTED_INCLUDE_IN_FRAMEWORK_HEADER = YES;
				CLANG_WARN_RANGE_LOOP_ANALYSIS = YES;
				CLANG_WARN_STRICT_PROTOTYPES = YES;
				CLANG_WARN_SUSPICIOUS_MOVE = YES;
				CLANG_WARN_UNGUARDED_AVAILABILITY = YES_AGGRESSIVE;
				CLANG_WARN_UNREACHABLE_CODE = YES;
				CLANG_WARN__DUPLICATE_METHOD_MATCH = YES;
				COPY_PHASE_STRIP = NO;
				DEBUG_INFORMATION_FORMAT = dwarf;
				ENABLE_STRICT_OBJC_MSGSEND = YES;
				ENABLE_TESTABILITY = YES;
				GCC_C_LANGUAGE_STANDARD = gnu11;
				GCC_DYNAMIC_NO_PIC = NO;
				GCC_NO_COMMON_BLOCKS = YES;
				GCC_OPTIMIZATION_LEVEL = 0;
				GCC_PREPROCESSOR_DEFINITIONS = (
					"DEBUG=1",
					"$(inherited)",
				);
				GCC_WARN_64_TO_32_BIT_CONVERSION = YES;
				GCC_WARN_ABOUT_RETURN_TYPE = YES_ERROR;
				GCC_WARN_UNDECLARED_SELECTOR = YES;
				GCC_WARN_UNINITIALIZED_AUTOS = YES_AGGRESSIVE;
				GCC_WARN_UNUSED_FUNCTION = YES;
				GCC_WARN_UNUSED_VARIABLE = YES;
				IPHONEOS_DEPLOYMENT_TARGET = 15.2;
				MTL_ENABLE_DEBUG_INFO = INCLUDE_SOURCE;
				MTL_FAST_MATH = YES;
				ONLY_ACTIVE_ARCH = YES;
				SDKROOT = iphoneos;
				SWIFT_ACTIVE_COMPILATION_CONDITIONS = DEBUG;
				SWIFT_OPTIMIZATION_LEVEL = "-Onone";
			};
			name = Debug;
		};
		6BEEF0F82ACEC47100BBE68D /* Release */ = {
			isa = XCBuildConfiguration;
			buildSettings = {
				ALWAYS_SEARCH_USER_PATHS = NO;
				CLANG_ANALYZER_LOCALIZABILITY_NONLOCALIZED = YES;
				CLANG_ANALYZER_NONNULL = YES;
				CLANG_ANALYZER_NUMBER_OBJECT_CONVERSION = YES_AGGRESSIVE;
				CLANG_CXX_LANGUAGE_STANDARD = "gnu++17";
				CLANG_CXX_LIBRARY = "libc++";
				CLANG_ENABLE_MODULES = YES;
				CLANG_ENABLE_OBJC_ARC = YES;
				CLANG_ENABLE_OBJC_WEAK = YES;
				CLANG_WARN_BLOCK_CAPTURE_AUTORELEASING = YES;
				CLANG_WARN_BOOL_CONVERSION = YES;
				CLANG_WARN_COMMA = YES;
				CLANG_WARN_CONSTANT_CONVERSION = YES;
				CLANG_WARN_DEPRECATED_OBJC_IMPLEMENTATIONS = YES;
				CLANG_WARN_DIRECT_OBJC_ISA_USAGE = YES_ERROR;
				CLANG_WARN_DOCUMENTATION_COMMENTS = YES;
				CLANG_WARN_EMPTY_BODY = YES;
				CLANG_WARN_ENUM_CONVERSION = YES;
				CLANG_WARN_INFINITE_RECURSION = YES;
				CLANG_WARN_INT_CONVERSION = YES;
				CLANG_WARN_NON_LITERAL_NULL_CONVERSION = YES;
				CLANG_WARN_OBJC_IMPLICIT_RETAIN_SELF = YES;
				CLANG_WARN_OBJC_LITERAL_CONVERSION = YES;
				CLANG_WARN_OBJC_ROOT_CLASS = YES_ERROR;
				CLANG_WARN_QUOTED_INCLUDE_IN_FRAMEWORK_HEADER = YES;
				CLANG_WARN_RANGE_LOOP_ANALYSIS = YES;
				CLANG_WARN_STRICT_PROTOTYPES = YES;
				CLANG_WARN_SUSPICIOUS_MOVE = YES;
				CLANG_WARN_UNGUARDED_AVAILABILITY = YES_AGGRESSIVE;
				CLANG_WARN_UNREACHABLE_CODE = YES;
				CLANG_WARN__DUPLICATE_METHOD_MATCH = YES;
				COPY_PHASE_STRIP = NO;
				DEBUG_INFORMATION_FORMAT = "dwarf-with-dsym";
				ENABLE_NS_ASSERTIONS = NO;
				ENABLE_STRICT_OBJC_MSGSEND = YES;
				GCC_C_LANGUAGE_STANDARD = gnu11;
				GCC_NO_COMMON_BLOCKS = YES;
				GCC_WARN_64_TO_32_BIT_CONVERSION = YES;
				GCC_WARN_ABOUT_RETURN_TYPE = YES_ERROR;
				GCC_WARN_UNDECLARED_SELECTOR = YES;
				GCC_WARN_UNINITIALIZED_AUTOS = YES_AGGRESSIVE;
				GCC_WARN_UNUSED_FUNCTION = YES;
				GCC_WARN_UNUSED_VARIABLE = YES;
				IPHONEOS_DEPLOYMENT_TARGET = 15.2;
				MTL_ENABLE_DEBUG_INFO = NO;
				MTL_FAST_MATH = YES;
				SDKROOT = iphoneos;
				SWIFT_COMPILATION_MODE = wholemodule;
				SWIFT_OPTIMIZATION_LEVEL = "-O";
				VALIDATE_PRODUCT = YES;
			};
			name = Release;
		};
		6BEEF0FA2ACEC47100BBE68D /* Debug */ = {
			isa = XCBuildConfiguration;
			baseConfigurationReference = E521CEC29C4BD08272839C9B /* Pods-SkillboxDrive.debug.xcconfig */;
			buildSettings = {
				ASSETCATALOG_COMPILER_APPICON_NAME = AppIcon;
				ASSETCATALOG_COMPILER_GLOBAL_ACCENT_COLOR_NAME = AccentColor;
				CODE_SIGN_IDENTITY = "Apple Development";
				CODE_SIGN_STYLE = Automatic;
				CURRENT_PROJECT_VERSION = 1;
				DEVELOPMENT_TEAM = "";
				GENERATE_INFOPLIST_FILE = YES;
				INFOPLIST_FILE = SkillboxDrive/Info.plist;
				INFOPLIST_KEY_UIApplicationSupportsIndirectInputEvents = YES;
				INFOPLIST_KEY_UILaunchStoryboardName = LaunchScreen;
				INFOPLIST_KEY_UISupportedInterfaceOrientations_iPad = "UIInterfaceOrientationPortrait UIInterfaceOrientationPortraitUpsideDown UIInterfaceOrientationLandscapeLeft UIInterfaceOrientationLandscapeRight";
				INFOPLIST_KEY_UISupportedInterfaceOrientations_iPhone = "UIInterfaceOrientationPortrait UIInterfaceOrientationLandscapeLeft UIInterfaceOrientationLandscapeRight";
				LD_RUNPATH_SEARCH_PATHS = (
					"$(inherited)",
					"@executable_path/Frameworks",
				);
				MARKETING_VERSION = 1.0;
				PRODUCT_BUNDLE_IDENTIFIER = SkillBox.SkillboxDrive;
				PRODUCT_NAME = "$(TARGET_NAME)";
				PROVISIONING_PROFILE_SPECIFIER = "";
				SWIFT_EMIT_LOC_STRINGS = YES;
				SWIFT_VERSION = 5.0;
				TARGETED_DEVICE_FAMILY = "1,2";
			};
			name = Debug;
		};
		6BEEF0FB2ACEC47100BBE68D /* Release */ = {
			isa = XCBuildConfiguration;
			baseConfigurationReference = 8D2BBF3C3FCB414F081C3D08 /* Pods-SkillboxDrive.release.xcconfig */;
			buildSettings = {
				ASSETCATALOG_COMPILER_APPICON_NAME = AppIcon;
				ASSETCATALOG_COMPILER_GLOBAL_ACCENT_COLOR_NAME = AccentColor;
				CODE_SIGN_IDENTITY = "Apple Development";
				CODE_SIGN_STYLE = Automatic;
				CURRENT_PROJECT_VERSION = 1;
				DEVELOPMENT_TEAM = "";
				GENERATE_INFOPLIST_FILE = YES;
				INFOPLIST_FILE = SkillboxDrive/Info.plist;
				INFOPLIST_KEY_UIApplicationSupportsIndirectInputEvents = YES;
				INFOPLIST_KEY_UILaunchStoryboardName = LaunchScreen;
				INFOPLIST_KEY_UISupportedInterfaceOrientations_iPad = "UIInterfaceOrientationPortrait UIInterfaceOrientationPortraitUpsideDown UIInterfaceOrientationLandscapeLeft UIInterfaceOrientationLandscapeRight";
				INFOPLIST_KEY_UISupportedInterfaceOrientations_iPhone = "UIInterfaceOrientationPortrait UIInterfaceOrientationLandscapeLeft UIInterfaceOrientationLandscapeRight";
				LD_RUNPATH_SEARCH_PATHS = (
					"$(inherited)",
					"@executable_path/Frameworks",
				);
				MARKETING_VERSION = 1.0;
				PRODUCT_BUNDLE_IDENTIFIER = SkillBox.SkillboxDrive;
				PRODUCT_NAME = "$(TARGET_NAME)";
				PROVISIONING_PROFILE_SPECIFIER = "";
				SWIFT_EMIT_LOC_STRINGS = YES;
				SWIFT_VERSION = 5.0;
				TARGETED_DEVICE_FAMILY = "1,2";
			};
			name = Release;
		};
/* End XCBuildConfiguration section */

/* Begin XCConfigurationList section */
		6BEEF0DD2ACEC47000BBE68D /* Build configuration list for PBXProject "SkillboxDrive" */ = {
			isa = XCConfigurationList;
			buildConfigurations = (
				6BEEF0F72ACEC47100BBE68D /* Debug */,
				6BEEF0F82ACEC47100BBE68D /* Release */,
			);
			defaultConfigurationIsVisible = 0;
			defaultConfigurationName = Release;
		};
		6BEEF0F92ACEC47100BBE68D /* Build configuration list for PBXNativeTarget "SkillboxDrive" */ = {
			isa = XCConfigurationList;
			buildConfigurations = (
				6BEEF0FA2ACEC47100BBE68D /* Debug */,
				6BEEF0FB2ACEC47100BBE68D /* Release */,
			);
			defaultConfigurationIsVisible = 0;
			defaultConfigurationName = Release;
		};
/* End XCConfigurationList section */

/* Begin XCVersionGroup section */
		6BEEF0EE2ACEC47000BBE68D /* SkillboxDrive.xcdatamodeld */ = {
			isa = XCVersionGroup;
			children = (
				6BEEF0EF2ACEC47000BBE68D /* SkillboxDrive.xcdatamodel */,
			);
			currentVersion = 6BEEF0EF2ACEC47000BBE68D /* SkillboxDrive.xcdatamodel */;
			path = SkillboxDrive.xcdatamodeld;
			sourceTree = "<group>";
			versionGroupType = wrapper.xcdatamodel;
		};
/* End XCVersionGroup section */
	};
	rootObject = 6BEEF0DA2ACEC47000BBE68D /* Project object */;
}
