// !$*UTF8*$!
{
	archiveVersion = 1;
	classes = {
	};
	objectVersion = 55;
	objects = {

/* Begin PBXBuildFile section */
		531BB9760FEBF2AF2D8FA923 /* Pods_SkillboxDrive.framework in Frameworks */ = {isa = PBXBuildFile; fileRef = B7C82EA2B9B4EBEF875B8675 /* Pods_SkillboxDrive.framework */; };
		6B177E812AF942B900F43811 /* AuthViewController.swift in Sources */ = {isa = PBXBuildFile; fileRef = 6B177E802AF942B900F43811 /* AuthViewController.swift */; };
		6B177E832AF973ED00F43811 /* ResponseModels.swift in Sources */ = {isa = PBXBuildFile; fileRef = 6B177E822AF973ED00F43811 /* ResponseModels.swift */; };
		6B205F322AD5736A001BB4CD /* Constants.swift in Sources */ = {isa = PBXBuildFile; fileRef = 6B205F312AD5736A001BB4CD /* Constants.swift */; };
		6B205F342AD587ED001BB4CD /* CustomOnboardingCell.swift in Sources */ = {isa = PBXBuildFile; fileRef = 6B205F332AD587ED001BB4CD /* CustomOnboardingCell.swift */; };
		6B295E8A2AD81DC4003FD56C /* LoginScreenModel.swift in Sources */ = {isa = PBXBuildFile; fileRef = 6B295E892AD81DC4003FD56C /* LoginScreenModel.swift */; };
		6B295E8C2AD81DF7003FD56C /* LoginScreenPresenter.swift in Sources */ = {isa = PBXBuildFile; fileRef = 6B295E8B2AD81DF7003FD56C /* LoginScreenPresenter.swift */; };
		6B295E902AD84CAF003FD56C /* Localize.strings in Resources */ = {isa = PBXBuildFile; fileRef = 6B295E922AD84CAF003FD56C /* Localize.strings */; };
		6B3DC6282B3081C100C9FC83 /* MVPExample in Resources */ = {isa = PBXBuildFile; fileRef = 6B3DC6272B3081C100C9FC83 /* MVPExample */; };
		6B3DC62D2B3085C600C9FC83 /* OnboardingPresenterInput.swift in Sources */ = {isa = PBXBuildFile; fileRef = 6B3DC62C2B3085C600C9FC83 /* OnboardingPresenterInput.swift */; };
		6B3DC62F2B3087DE00C9FC83 /* OnboardingBuilder.swift in Sources */ = {isa = PBXBuildFile; fileRef = 6B3DC62E2B3087DE00C9FC83 /* OnboardingBuilder.swift */; };
		6B3DC6362B3090C000C9FC83 /* LatestBuilder.swift in Sources */ = {isa = PBXBuildFile; fileRef = 6B3DC6352B3090C000C9FC83 /* LatestBuilder.swift */; };
		6B3DC6382B3090DD00C9FC83 /* LatestPresenterInput.swift in Sources */ = {isa = PBXBuildFile; fileRef = 6B3DC6372B3090DD00C9FC83 /* LatestPresenterInput.swift */; };
		6B3DC63A2B3090F200C9FC83 /* LatestPresenterOutput.swift in Sources */ = {isa = PBXBuildFile; fileRef = 6B3DC6392B3090F200C9FC83 /* LatestPresenterOutput.swift */; };
		6B3DC63C2B30944C00C9FC83 /* NetworkServiceLatestProtocol.swift in Sources */ = {isa = PBXBuildFile; fileRef = 6B3DC63B2B30944C00C9FC83 /* NetworkServiceLatestProtocol.swift */; };
		6B3DC6432B30BCE100C9FC83 /* LatestCellPresenterInput.swift in Sources */ = {isa = PBXBuildFile; fileRef = 6B3DC6422B30BCE100C9FC83 /* LatestCellPresenterInput.swift */; };
		6B3DC6472B30BF2F00C9FC83 /* NetworkServiceLatestCellProtocol.swift in Sources */ = {isa = PBXBuildFile; fileRef = 6B3DC6462B30BF2F00C9FC83 /* NetworkServiceLatestCellProtocol.swift */; };
		6B4842FA2B31B58F005AD807 /* AllFilesBuilder.swift in Sources */ = {isa = PBXBuildFile; fileRef = 6B4842F92B31B58F005AD807 /* AllFilesBuilder.swift */; };
		6B4842FC2B31B5F6005AD807 /* AllFilesPresenterInput.swift in Sources */ = {isa = PBXBuildFile; fileRef = 6B4842FB2B31B5F6005AD807 /* AllFilesPresenterInput.swift */; };
		6B4842FE2B31B602005AD807 /* AllFilesPresenterOutput.swift in Sources */ = {isa = PBXBuildFile; fileRef = 6B4842FD2B31B602005AD807 /* AllFilesPresenterOutput.swift */; };
		6B4843002B31B86F005AD807 /* NetworkServiceAllFilesProtocol.swift in Sources */ = {isa = PBXBuildFile; fileRef = 6B4842FF2B31B86F005AD807 /* NetworkServiceAllFilesProtocol.swift */; };
		6B4843052B31CAC3005AD807 /* OpenFolderInAllFilesBuilder.swift in Sources */ = {isa = PBXBuildFile; fileRef = 6B4843042B31CAC3005AD807 /* OpenFolderInAllFilesBuilder.swift */; };
		6B4843072B31CB45005AD807 /* OpenFolderPresenterInput.swift in Sources */ = {isa = PBXBuildFile; fileRef = 6B4843062B31CB45005AD807 /* OpenFolderPresenterInput.swift */; };
		6B4843092B31CB58005AD807 /* OpenFolderPresenterOutput.swift in Sources */ = {isa = PBXBuildFile; fileRef = 6B4843082B31CB58005AD807 /* OpenFolderPresenterOutput.swift */; };
		6B48430B2B31D3F5005AD807 /* NetworkServiceAllOpenFolderProtocol.swift in Sources */ = {isa = PBXBuildFile; fileRef = 6B48430A2B31D3F5005AD807 /* NetworkServiceAllOpenFolderProtocol.swift */; };
		6B4843102B31E95C005AD807 /* NetworkServiceProfileProtocol.swift in Sources */ = {isa = PBXBuildFile; fileRef = 6B48430F2B31E95C005AD807 /* NetworkServiceProfileProtocol.swift */; };
		6B4843122B31E973005AD807 /* ProfileBuilder.swift in Sources */ = {isa = PBXBuildFile; fileRef = 6B4843112B31E973005AD807 /* ProfileBuilder.swift */; };
		6B4843142B31E9F6005AD807 /* ProfilePresenterInput.swift in Sources */ = {isa = PBXBuildFile; fileRef = 6B4843132B31E9F6005AD807 /* ProfilePresenterInput.swift */; };
		6B4843162B31EA00005AD807 /* ProfilePresenterOutput.swift in Sources */ = {isa = PBXBuildFile; fileRef = 6B4843152B31EA00005AD807 /* ProfilePresenterOutput.swift */; };
		6B4843182B31EC58005AD807 /* Units.swift in Sources */ = {isa = PBXBuildFile; fileRef = 6B4843172B31EC58005AD807 /* Units.swift */; };
		6B4C4B812AFCF7B30048D1B3 /* WebCacheCleaner.swift in Sources */ = {isa = PBXBuildFile; fileRef = 6B4C4B802AFCF7B30048D1B3 /* WebCacheCleaner.swift */; };
		6B5FFAAF2B03AC9700300019 /* PublicCell.swift in Sources */ = {isa = PBXBuildFile; fileRef = 6B5FFAAE2B03AC9700300019 /* PublicCell.swift */; };
		6B68E7BC2B1D10BD003D5DE4 /* OpenPublicFolderModel.swift in Sources */ = {isa = PBXBuildFile; fileRef = 6B68E7BB2B1D10BD003D5DE4 /* OpenPublicFolderModel.swift */; };
		6B68E7BE2B1D10C6003D5DE4 /* OpenPublicFolderVC.swift in Sources */ = {isa = PBXBuildFile; fileRef = 6B68E7BD2B1D10C6003D5DE4 /* OpenPublicFolderVC.swift */; };
		6B68E7C02B1D10CE003D5DE4 /* OpenPublicFolderPresenter.swift in Sources */ = {isa = PBXBuildFile; fileRef = 6B68E7BF2B1D10CE003D5DE4 /* OpenPublicFolderPresenter.swift */; };
		6B76FB6A2B0BC5E200B66E93 /* ViewingScreenViewController.swift in Sources */ = {isa = PBXBuildFile; fileRef = 6B76FB692B0BC5E200B66E93 /* ViewingScreenViewController.swift */; };
		6B76FB6C2B0BC60900B66E93 /* ViewingScreenPresenter.swift in Sources */ = {isa = PBXBuildFile; fileRef = 6B76FB6B2B0BC60900B66E93 /* ViewingScreenPresenter.swift */; };
		6B76FB6E2B0BC61A00B66E93 /* ViewingScreenModel.swift in Sources */ = {isa = PBXBuildFile; fileRef = 6B76FB6D2B0BC61A00B66E93 /* ViewingScreenModel.swift */; };
		6B7FC6612B16101D0002573E /* LatestRealmModel.swift in Sources */ = {isa = PBXBuildFile; fileRef = 6B7FC6602B16101D0002573E /* LatestRealmModel.swift */; };
		6B7FC6632B1672350002573E /* PublicRealmModel.swift in Sources */ = {isa = PBXBuildFile; fileRef = 6B7FC6622B1672350002573E /* PublicRealmModel.swift */; };
		6B8AFFEE2B1B511B009A988C /* AllFilesPresenter.swift in Sources */ = {isa = PBXBuildFile; fileRef = 6B8AFFED2B1B511B009A988C /* AllFilesPresenter.swift */; };
		6B8AFFF02B1B5E6E009A988C /* AllFilesRealmModel.swift in Sources */ = {isa = PBXBuildFile; fileRef = 6B8AFFEF2B1B5E6E009A988C /* AllFilesRealmModel.swift */; };
		6B8AFFF52B1B6F85009A988C /* OpenFolderVC.swift in Sources */ = {isa = PBXBuildFile; fileRef = 6B8AFFF42B1B6F85009A988C /* OpenFolderVC.swift */; };
		6B8AFFF72B1B6F93009A988C /* OpenFolderPresenter.swift in Sources */ = {isa = PBXBuildFile; fileRef = 6B8AFFF62B1B6F93009A988C /* OpenFolderPresenter.swift */; };
		6B99242B2B07E68500002F8A /* LatestCellPresenter.swift in Sources */ = {isa = PBXBuildFile; fileRef = 6B99242A2B07E68500002F8A /* LatestCellPresenter.swift */; };
		6B99242D2B07E91200002F8A /* PublicCellModel.swift in Sources */ = {isa = PBXBuildFile; fileRef = 6B99242C2B07E91100002F8A /* PublicCellModel.swift */; };
		6B99242F2B07E92200002F8A /* PublicCellPresenter.swift in Sources */ = {isa = PBXBuildFile; fileRef = 6B99242E2B07E92200002F8A /* PublicCellPresenter.swift */; };
		6B9BA6292B28DDD600D69EBC /* NetworkService.swift in Sources */ = {isa = PBXBuildFile; fileRef = 6B9BA6282B28DDD600D69EBC /* NetworkService.swift */; };
		6BA0F7712AE95D56007EE8FC /* ProfilePresenter.swift in Sources */ = {isa = PBXBuildFile; fileRef = 6BA0F7702AE95D56007EE8FC /* ProfilePresenter.swift */; };
		6BC3FC382AD71EB800A86FF6 /* LoginScreenViewController.swift in Sources */ = {isa = PBXBuildFile; fileRef = 6BC3FC372AD71EB800A86FF6 /* LoginScreenViewController.swift */; };
		6BD139AB2B06654800BE5B42 /* LatestPresenter.swift in Sources */ = {isa = PBXBuildFile; fileRef = 6BD139AA2B06654800BE5B42 /* LatestPresenter.swift */; };
		6BD139AE2B068B0C00BE5B42 /* LatestCell.swift in Sources */ = {isa = PBXBuildFile; fileRef = 6BD139AD2B068B0C00BE5B42 /* LatestCell.swift */; };
		6BD831512B121B5E00A59441 /* RenameFileModel.swift in Sources */ = {isa = PBXBuildFile; fileRef = 6BD831502B121B5E00A59441 /* RenameFileModel.swift */; };
		6BD831532B121B6800A59441 /* RenameFileVC.swift in Sources */ = {isa = PBXBuildFile; fileRef = 6BD831522B121B6800A59441 /* RenameFileVC.swift */; };
		6BD831552B121B7500A59441 /* RenameFilePresenter.swift in Sources */ = {isa = PBXBuildFile; fileRef = 6BD831542B121B7500A59441 /* RenameFilePresenter.swift */; };
		6BEAF40D2B0276E900A80A4E /* PublicFilesModel.swift in Sources */ = {isa = PBXBuildFile; fileRef = 6BEAF40C2B0276E900A80A4E /* PublicFilesModel.swift */; };
		6BEAF40F2B0276F800A80A4E /* PublicFilesViewController.swift in Sources */ = {isa = PBXBuildFile; fileRef = 6BEAF40E2B0276F800A80A4E /* PublicFilesViewController.swift */; };
		6BEAF4112B02770500A80A4E /* PublicFilesPresenter.swift in Sources */ = {isa = PBXBuildFile; fileRef = 6BEAF4102B02770500A80A4E /* PublicFilesPresenter.swift */; };
		6BEEF0E62ACEC47000BBE68D /* AppDelegate.swift in Sources */ = {isa = PBXBuildFile; fileRef = 6BEEF0E52ACEC47000BBE68D /* AppDelegate.swift */; };
		6BEEF0E82ACEC47000BBE68D /* SceneDelegate.swift in Sources */ = {isa = PBXBuildFile; fileRef = 6BEEF0E72ACEC47000BBE68D /* SceneDelegate.swift */; };
		6BEEF0EA2ACEC47000BBE68D /* ProfileViewController.swift in Sources */ = {isa = PBXBuildFile; fileRef = 6BEEF0E92ACEC47000BBE68D /* ProfileViewController.swift */; };
		6BEEF0F02ACEC47000BBE68D /* SkillboxDrive.xcdatamodeld in Sources */ = {isa = PBXBuildFile; fileRef = 6BEEF0EE2ACEC47000BBE68D /* SkillboxDrive.xcdatamodeld */; };
		6BEEF0F22ACEC47100BBE68D /* Assets.xcassets in Resources */ = {isa = PBXBuildFile; fileRef = 6BEEF0F12ACEC47100BBE68D /* Assets.xcassets */; };
		6BEEF0F52ACEC47100BBE68D /* LaunchScreen.storyboard in Resources */ = {isa = PBXBuildFile; fileRef = 6BEEF0F32ACEC47100BBE68D /* LaunchScreen.storyboard */; };
		6BEEF1012ACED85700BBE68D /* LatestViewController.swift in Sources */ = {isa = PBXBuildFile; fileRef = 6BEEF1002ACED85700BBE68D /* LatestViewController.swift */; };
		6BEEF1032ACED86700BBE68D /* AllFilesViewController.swift in Sources */ = {isa = PBXBuildFile; fileRef = 6BEEF1022ACED86700BBE68D /* AllFilesViewController.swift */; };
		6BEEF1062ACED97D00BBE68D /* OnboardingViewController.swift in Sources */ = {isa = PBXBuildFile; fileRef = 6BEEF1052ACED97D00BBE68D /* OnboardingViewController.swift */; };
		6BEEF1082ACED9EE00BBE68D /* OnboardingModel.swift in Sources */ = {isa = PBXBuildFile; fileRef = 6BEEF1072ACED9EE00BBE68D /* OnboardingModel.swift */; };
		6BEEF10A2ACED9FE00BBE68D /* OnboardingPresenter.swift in Sources */ = {isa = PBXBuildFile; fileRef = 6BEEF1092ACED9FE00BBE68D /* OnboardingPresenter.swift */; };
/* End PBXBuildFile section */

/* Begin PBXFileReference section */
		6B177E802AF942B900F43811 /* AuthViewController.swift */ = {isa = PBXFileReference; lastKnownFileType = sourcecode.swift; path = AuthViewController.swift; sourceTree = "<group>"; };
		6B177E822AF973ED00F43811 /* ResponseModels.swift */ = {isa = PBXFileReference; lastKnownFileType = sourcecode.swift; path = ResponseModels.swift; sourceTree = "<group>"; };
		6B205F312AD5736A001BB4CD /* Constants.swift */ = {isa = PBXFileReference; lastKnownFileType = sourcecode.swift; path = Constants.swift; sourceTree = "<group>"; };
		6B205F332AD587ED001BB4CD /* CustomOnboardingCell.swift */ = {isa = PBXFileReference; lastKnownFileType = sourcecode.swift; path = CustomOnboardingCell.swift; sourceTree = "<group>"; };
		6B295E892AD81DC4003FD56C /* LoginScreenModel.swift */ = {isa = PBXFileReference; lastKnownFileType = sourcecode.swift; path = LoginScreenModel.swift; sourceTree = "<group>"; };
		6B295E8B2AD81DF7003FD56C /* LoginScreenPresenter.swift */ = {isa = PBXFileReference; lastKnownFileType = sourcecode.swift; path = LoginScreenPresenter.swift; sourceTree = "<group>"; };
		6B295E8D2AD84C3E003FD56C /* ru */ = {isa = PBXFileReference; lastKnownFileType = text.plist.strings; name = ru; path = ru.lproj/LaunchScreen.strings; sourceTree = "<group>"; };
		6B295E912AD84CAF003FD56C /* ru */ = {isa = PBXFileReference; lastKnownFileType = text.plist.strings; name = ru; path = ru.lproj/Localize.strings; sourceTree = "<group>"; };
		6B295E932AD84CB3003FD56C /* en */ = {isa = PBXFileReference; lastKnownFileType = text.plist.strings; name = en; path = en.lproj/Localize.strings; sourceTree = "<group>"; };
		6B3DC6272B3081C100C9FC83 /* MVPExample */ = {isa = PBXFileReference; lastKnownFileType = folder; path = MVPExample; sourceTree = "<group>"; };
		6B3DC62C2B3085C600C9FC83 /* OnboardingPresenterInput.swift */ = {isa = PBXFileReference; lastKnownFileType = sourcecode.swift; path = OnboardingPresenterInput.swift; sourceTree = "<group>"; };
		6B3DC62E2B3087DE00C9FC83 /* OnboardingBuilder.swift */ = {isa = PBXFileReference; lastKnownFileType = sourcecode.swift; path = OnboardingBuilder.swift; sourceTree = "<group>"; };
		6B3DC6352B3090C000C9FC83 /* LatestBuilder.swift */ = {isa = PBXFileReference; lastKnownFileType = sourcecode.swift; path = LatestBuilder.swift; sourceTree = "<group>"; };
		6B3DC6372B3090DD00C9FC83 /* LatestPresenterInput.swift */ = {isa = PBXFileReference; lastKnownFileType = sourcecode.swift; path = LatestPresenterInput.swift; sourceTree = "<group>"; };
		6B3DC6392B3090F200C9FC83 /* LatestPresenterOutput.swift */ = {isa = PBXFileReference; lastKnownFileType = sourcecode.swift; path = LatestPresenterOutput.swift; sourceTree = "<group>"; };
		6B3DC63B2B30944C00C9FC83 /* NetworkServiceLatestProtocol.swift */ = {isa = PBXFileReference; lastKnownFileType = sourcecode.swift; path = NetworkServiceLatestProtocol.swift; sourceTree = "<group>"; };
		6B3DC6422B30BCE100C9FC83 /* LatestCellPresenterInput.swift */ = {isa = PBXFileReference; lastKnownFileType = sourcecode.swift; path = LatestCellPresenterInput.swift; sourceTree = "<group>"; };
		6B3DC6462B30BF2F00C9FC83 /* NetworkServiceLatestCellProtocol.swift */ = {isa = PBXFileReference; lastKnownFileType = sourcecode.swift; path = NetworkServiceLatestCellProtocol.swift; sourceTree = "<group>"; };
		6B4842F92B31B58F005AD807 /* AllFilesBuilder.swift */ = {isa = PBXFileReference; lastKnownFileType = sourcecode.swift; path = AllFilesBuilder.swift; sourceTree = "<group>"; };
		6B4842FB2B31B5F6005AD807 /* AllFilesPresenterInput.swift */ = {isa = PBXFileReference; lastKnownFileType = sourcecode.swift; path = AllFilesPresenterInput.swift; sourceTree = "<group>"; };
		6B4842FD2B31B602005AD807 /* AllFilesPresenterOutput.swift */ = {isa = PBXFileReference; lastKnownFileType = sourcecode.swift; path = AllFilesPresenterOutput.swift; sourceTree = "<group>"; };
		6B4842FF2B31B86F005AD807 /* NetworkServiceAllFilesProtocol.swift */ = {isa = PBXFileReference; lastKnownFileType = sourcecode.swift; path = NetworkServiceAllFilesProtocol.swift; sourceTree = "<group>"; };
		6B4843042B31CAC3005AD807 /* OpenFolderInAllFilesBuilder.swift */ = {isa = PBXFileReference; lastKnownFileType = sourcecode.swift; path = OpenFolderInAllFilesBuilder.swift; sourceTree = "<group>"; };
		6B4843062B31CB45005AD807 /* OpenFolderPresenterInput.swift */ = {isa = PBXFileReference; lastKnownFileType = sourcecode.swift; path = OpenFolderPresenterInput.swift; sourceTree = "<group>"; };
		6B4843082B31CB58005AD807 /* OpenFolderPresenterOutput.swift */ = {isa = PBXFileReference; lastKnownFileType = sourcecode.swift; path = OpenFolderPresenterOutput.swift; sourceTree = "<group>"; };
		6B48430A2B31D3F5005AD807 /* NetworkServiceAllOpenFolderProtocol.swift */ = {isa = PBXFileReference; lastKnownFileType = sourcecode.swift; path = NetworkServiceAllOpenFolderProtocol.swift; sourceTree = "<group>"; };
		6B48430F2B31E95C005AD807 /* NetworkServiceProfileProtocol.swift */ = {isa = PBXFileReference; lastKnownFileType = sourcecode.swift; path = NetworkServiceProfileProtocol.swift; sourceTree = "<group>"; };
		6B4843112B31E973005AD807 /* ProfileBuilder.swift */ = {isa = PBXFileReference; lastKnownFileType = sourcecode.swift; path = ProfileBuilder.swift; sourceTree = "<group>"; };
		6B4843132B31E9F6005AD807 /* ProfilePresenterInput.swift */ = {isa = PBXFileReference; lastKnownFileType = sourcecode.swift; path = ProfilePresenterInput.swift; sourceTree = "<group>"; };
		6B4843152B31EA00005AD807 /* ProfilePresenterOutput.swift */ = {isa = PBXFileReference; lastKnownFileType = sourcecode.swift; path = ProfilePresenterOutput.swift; sourceTree = "<group>"; };
		6B4843172B31EC58005AD807 /* Units.swift */ = {isa = PBXFileReference; lastKnownFileType = sourcecode.swift; path = Units.swift; sourceTree = "<group>"; };
		6B4C4B802AFCF7B30048D1B3 /* WebCacheCleaner.swift */ = {isa = PBXFileReference; lastKnownFileType = sourcecode.swift; path = WebCacheCleaner.swift; sourceTree = "<group>"; };
		6B5FFAAE2B03AC9700300019 /* PublicCell.swift */ = {isa = PBXFileReference; lastKnownFileType = sourcecode.swift; path = PublicCell.swift; sourceTree = "<group>"; };
		6B68E7BB2B1D10BD003D5DE4 /* OpenPublicFolderModel.swift */ = {isa = PBXFileReference; lastKnownFileType = sourcecode.swift; path = OpenPublicFolderModel.swift; sourceTree = "<group>"; };
		6B68E7BD2B1D10C6003D5DE4 /* OpenPublicFolderVC.swift */ = {isa = PBXFileReference; lastKnownFileType = sourcecode.swift; path = OpenPublicFolderVC.swift; sourceTree = "<group>"; };
		6B68E7BF2B1D10CE003D5DE4 /* OpenPublicFolderPresenter.swift */ = {isa = PBXFileReference; lastKnownFileType = sourcecode.swift; path = OpenPublicFolderPresenter.swift; sourceTree = "<group>"; };
		6B76FB692B0BC5E200B66E93 /* ViewingScreenViewController.swift */ = {isa = PBXFileReference; lastKnownFileType = sourcecode.swift; path = ViewingScreenViewController.swift; sourceTree = "<group>"; };
		6B76FB6B2B0BC60900B66E93 /* ViewingScreenPresenter.swift */ = {isa = PBXFileReference; lastKnownFileType = sourcecode.swift; path = ViewingScreenPresenter.swift; sourceTree = "<group>"; };
		6B76FB6D2B0BC61A00B66E93 /* ViewingScreenModel.swift */ = {isa = PBXFileReference; lastKnownFileType = sourcecode.swift; path = ViewingScreenModel.swift; sourceTree = "<group>"; };
		6B7FC6602B16101D0002573E /* LatestRealmModel.swift */ = {isa = PBXFileReference; lastKnownFileType = sourcecode.swift; path = LatestRealmModel.swift; sourceTree = "<group>"; };
		6B7FC6622B1672350002573E /* PublicRealmModel.swift */ = {isa = PBXFileReference; lastKnownFileType = sourcecode.swift; path = PublicRealmModel.swift; sourceTree = "<group>"; };
		6B8AFFED2B1B511B009A988C /* AllFilesPresenter.swift */ = {isa = PBXFileReference; lastKnownFileType = sourcecode.swift; path = AllFilesPresenter.swift; sourceTree = "<group>"; };
		6B8AFFEF2B1B5E6E009A988C /* AllFilesRealmModel.swift */ = {isa = PBXFileReference; lastKnownFileType = sourcecode.swift; path = AllFilesRealmModel.swift; sourceTree = "<group>"; };
		6B8AFFF42B1B6F85009A988C /* OpenFolderVC.swift */ = {isa = PBXFileReference; lastKnownFileType = sourcecode.swift; path = OpenFolderVC.swift; sourceTree = "<group>"; };
		6B8AFFF62B1B6F93009A988C /* OpenFolderPresenter.swift */ = {isa = PBXFileReference; lastKnownFileType = sourcecode.swift; path = OpenFolderPresenter.swift; sourceTree = "<group>"; };
		6B99242A2B07E68500002F8A /* LatestCellPresenter.swift */ = {isa = PBXFileReference; lastKnownFileType = sourcecode.swift; path = LatestCellPresenter.swift; sourceTree = "<group>"; };
		6B99242C2B07E91100002F8A /* PublicCellModel.swift */ = {isa = PBXFileReference; lastKnownFileType = sourcecode.swift; path = PublicCellModel.swift; sourceTree = "<group>"; };
		6B99242E2B07E92200002F8A /* PublicCellPresenter.swift */ = {isa = PBXFileReference; lastKnownFileType = sourcecode.swift; path = PublicCellPresenter.swift; sourceTree = "<group>"; };
		6B9BA6282B28DDD600D69EBC /* NetworkService.swift */ = {isa = PBXFileReference; lastKnownFileType = sourcecode.swift; path = NetworkService.swift; sourceTree = "<group>"; };
		6BA0F7702AE95D56007EE8FC /* ProfilePresenter.swift */ = {isa = PBXFileReference; lastKnownFileType = sourcecode.swift; path = ProfilePresenter.swift; sourceTree = "<group>"; };
		6BC3FC372AD71EB800A86FF6 /* LoginScreenViewController.swift */ = {isa = PBXFileReference; lastKnownFileType = sourcecode.swift; path = LoginScreenViewController.swift; sourceTree = "<group>"; };
		6BD139AA2B06654800BE5B42 /* LatestPresenter.swift */ = {isa = PBXFileReference; lastKnownFileType = sourcecode.swift; path = LatestPresenter.swift; sourceTree = "<group>"; };
		6BD139AD2B068B0C00BE5B42 /* LatestCell.swift */ = {isa = PBXFileReference; lastKnownFileType = sourcecode.swift; path = LatestCell.swift; sourceTree = "<group>"; };
		6BD831502B121B5E00A59441 /* RenameFileModel.swift */ = {isa = PBXFileReference; lastKnownFileType = sourcecode.swift; path = RenameFileModel.swift; sourceTree = "<group>"; };
		6BD831522B121B6800A59441 /* RenameFileVC.swift */ = {isa = PBXFileReference; lastKnownFileType = sourcecode.swift; path = RenameFileVC.swift; sourceTree = "<group>"; };
		6BD831542B121B7500A59441 /* RenameFilePresenter.swift */ = {isa = PBXFileReference; lastKnownFileType = sourcecode.swift; path = RenameFilePresenter.swift; sourceTree = "<group>"; };
		6BEAF40C2B0276E900A80A4E /* PublicFilesModel.swift */ = {isa = PBXFileReference; lastKnownFileType = sourcecode.swift; path = PublicFilesModel.swift; sourceTree = "<group>"; };
		6BEAF40E2B0276F800A80A4E /* PublicFilesViewController.swift */ = {isa = PBXFileReference; lastKnownFileType = sourcecode.swift; path = PublicFilesViewController.swift; sourceTree = "<group>"; };
		6BEAF4102B02770500A80A4E /* PublicFilesPresenter.swift */ = {isa = PBXFileReference; lastKnownFileType = sourcecode.swift; path = PublicFilesPresenter.swift; sourceTree = "<group>"; };
		6BEEF0E22ACEC47000BBE68D /* SkillboxDrive.app */ = {isa = PBXFileReference; explicitFileType = wrapper.application; includeInIndex = 0; path = SkillboxDrive.app; sourceTree = BUILT_PRODUCTS_DIR; };
		6BEEF0E52ACEC47000BBE68D /* AppDelegate.swift */ = {isa = PBXFileReference; lastKnownFileType = sourcecode.swift; path = AppDelegate.swift; sourceTree = "<group>"; };
		6BEEF0E72ACEC47000BBE68D /* SceneDelegate.swift */ = {isa = PBXFileReference; lastKnownFileType = sourcecode.swift; path = SceneDelegate.swift; sourceTree = "<group>"; };
		6BEEF0E92ACEC47000BBE68D /* ProfileViewController.swift */ = {isa = PBXFileReference; lastKnownFileType = sourcecode.swift; path = ProfileViewController.swift; sourceTree = "<group>"; };
		6BEEF0EF2ACEC47000BBE68D /* SkillboxDrive.xcdatamodel */ = {isa = PBXFileReference; lastKnownFileType = wrapper.xcdatamodel; path = SkillboxDrive.xcdatamodel; sourceTree = "<group>"; };
		6BEEF0F12ACEC47100BBE68D /* Assets.xcassets */ = {isa = PBXFileReference; lastKnownFileType = folder.assetcatalog; path = Assets.xcassets; sourceTree = "<group>"; };
		6BEEF0F42ACEC47100BBE68D /* Base */ = {isa = PBXFileReference; lastKnownFileType = file.storyboard; name = Base; path = Base.lproj/LaunchScreen.storyboard; sourceTree = "<group>"; };
		6BEEF0F62ACEC47100BBE68D /* Info.plist */ = {isa = PBXFileReference; lastKnownFileType = text.plist.xml; path = Info.plist; sourceTree = "<group>"; };
		6BEEF1002ACED85700BBE68D /* LatestViewController.swift */ = {isa = PBXFileReference; lastKnownFileType = sourcecode.swift; path = LatestViewController.swift; sourceTree = "<group>"; };
		6BEEF1022ACED86700BBE68D /* AllFilesViewController.swift */ = {isa = PBXFileReference; lastKnownFileType = sourcecode.swift; path = AllFilesViewController.swift; sourceTree = "<group>"; };
		6BEEF1052ACED97D00BBE68D /* OnboardingViewController.swift */ = {isa = PBXFileReference; lastKnownFileType = sourcecode.swift; path = OnboardingViewController.swift; sourceTree = "<group>"; };
		6BEEF1072ACED9EE00BBE68D /* OnboardingModel.swift */ = {isa = PBXFileReference; lastKnownFileType = sourcecode.swift; path = OnboardingModel.swift; sourceTree = "<group>"; };
		6BEEF1092ACED9FE00BBE68D /* OnboardingPresenter.swift */ = {isa = PBXFileReference; lastKnownFileType = sourcecode.swift; path = OnboardingPresenter.swift; sourceTree = "<group>"; };
		8D2BBF3C3FCB414F081C3D08 /* Pods-SkillboxDrive.release.xcconfig */ = {isa = PBXFileReference; includeInIndex = 1; lastKnownFileType = text.xcconfig; name = "Pods-SkillboxDrive.release.xcconfig"; path = "Target Support Files/Pods-SkillboxDrive/Pods-SkillboxDrive.release.xcconfig"; sourceTree = "<group>"; };
		B7C82EA2B9B4EBEF875B8675 /* Pods_SkillboxDrive.framework */ = {isa = PBXFileReference; explicitFileType = wrapper.framework; includeInIndex = 0; path = Pods_SkillboxDrive.framework; sourceTree = BUILT_PRODUCTS_DIR; };
		E521CEC29C4BD08272839C9B /* Pods-SkillboxDrive.debug.xcconfig */ = {isa = PBXFileReference; includeInIndex = 1; lastKnownFileType = text.xcconfig; name = "Pods-SkillboxDrive.debug.xcconfig"; path = "Target Support Files/Pods-SkillboxDrive/Pods-SkillboxDrive.debug.xcconfig"; sourceTree = "<group>"; };
/* End PBXFileReference section */

/* Begin PBXFrameworksBuildPhase section */
		6BEEF0DF2ACEC47000BBE68D /* Frameworks */ = {
			isa = PBXFrameworksBuildPhase;
			buildActionMask = 2147483647;
			files = (
				531BB9760FEBF2AF2D8FA923 /* Pods_SkillboxDrive.framework in Frameworks */,
			);
			runOnlyForDeploymentPostprocessing = 0;
		};
/* End PBXFrameworksBuildPhase section */

/* Begin PBXGroup section */
		6B177E7F2AF9428300F43811 /* Authorization */ = {
			isa = PBXGroup;
			children = (
				6B177E802AF942B900F43811 /* AuthViewController.swift */,
				6B4C4B802AFCF7B30048D1B3 /* WebCacheCleaner.swift */,
			);
			path = Authorization;
			sourceTree = "<group>";
		};
		6B205F302AD572E0001BB4CD /* Constants */ = {
			isa = PBXGroup;
			children = (
				6B205F312AD5736A001BB4CD /* Constants.swift */,
				6B4843172B31EC58005AD807 /* Units.swift */,
			);
			path = Constants;
			sourceTree = "<group>";
		};
		6B358D5F2B14F3B300AE4454 /* RealmModels */ = {
			isa = PBXGroup;
			children = (
				6B7FC6602B16101D0002573E /* LatestRealmModel.swift */,
				6B7FC6622B1672350002573E /* PublicRealmModel.swift */,
				6B8AFFEF2B1B5E6E009A988C /* AllFilesRealmModel.swift */,
			);
			path = RealmModels;
			sourceTree = "<group>";
		};
		6B3DC6292B30852600C9FC83 /* Builder */ = {
			isa = PBXGroup;
			children = (
				6B3DC62E2B3087DE00C9FC83 /* OnboardingBuilder.swift */,
			);
			path = Builder;
			sourceTree = "<group>";
		};
		6B3DC62A2B30853D00C9FC83 /* Presenter */ = {
			isa = PBXGroup;
			children = (
				6BEEF1092ACED9FE00BBE68D /* OnboardingPresenter.swift */,
				6B3DC62C2B3085C600C9FC83 /* OnboardingPresenterInput.swift */,
			);
			path = Presenter;
			sourceTree = "<group>";
		};
		6B3DC62B2B30855B00C9FC83 /* View */ = {
			isa = PBXGroup;
			children = (
				6BEEF1052ACED97D00BBE68D /* OnboardingViewController.swift */,
			);
			path = View;
			sourceTree = "<group>";
		};
		6B3DC6302B308F7E00C9FC83 /* Entity */ = {
			isa = PBXGroup;
			children = (
				6BEEF1072ACED9EE00BBE68D /* OnboardingModel.swift */,
			);
			path = Entity;
			sourceTree = "<group>";
		};
		6B3DC6312B308F9D00C9FC83 /* OnboardingCell */ = {
			isa = PBXGroup;
			children = (
				6B205F332AD587ED001BB4CD /* CustomOnboardingCell.swift */,
			);
			path = OnboardingCell;
			sourceTree = "<group>";
		};
		6B3DC6322B30908D00C9FC83 /* View */ = {
			isa = PBXGroup;
			children = (
				6BEEF1002ACED85700BBE68D /* LatestViewController.swift */,
			);
			path = View;
			sourceTree = "<group>";
		};
		6B3DC6332B30909300C9FC83 /* Presenter */ = {
			isa = PBXGroup;
			children = (
				6BD139AA2B06654800BE5B42 /* LatestPresenter.swift */,
				6B3DC6372B3090DD00C9FC83 /* LatestPresenterInput.swift */,
				6B3DC6392B3090F200C9FC83 /* LatestPresenterOutput.swift */,
			);
			path = Presenter;
			sourceTree = "<group>";
		};
		6B3DC6342B3090A400C9FC83 /* Builder */ = {
			isa = PBXGroup;
			children = (
				6B3DC6352B3090C000C9FC83 /* LatestBuilder.swift */,
			);
			path = Builder;
			sourceTree = "<group>";
		};
		6B3DC63D2B30BC8100C9FC83 /* View */ = {
			isa = PBXGroup;
			children = (
				6BD139AD2B068B0C00BE5B42 /* LatestCell.swift */,
			);
			path = View;
			sourceTree = "<group>";
		};
		6B3DC63E2B30BC8B00C9FC83 /* Presenter */ = {
			isa = PBXGroup;
			children = (
				6B99242A2B07E68500002F8A /* LatestCellPresenter.swift */,
				6B3DC6422B30BCE100C9FC83 /* LatestCellPresenterInput.swift */,
			);
			path = Presenter;
			sourceTree = "<group>";
		};
		6B4842F62B31B53E005AD807 /* View */ = {
			isa = PBXGroup;
			children = (
				6BEEF1022ACED86700BBE68D /* AllFilesViewController.swift */,
			);
			path = View;
			sourceTree = "<group>";
		};
		6B4842F72B31B54D005AD807 /* Presenter */ = {
			isa = PBXGroup;
			children = (
				6B8AFFED2B1B511B009A988C /* AllFilesPresenter.swift */,
				6B4842FB2B31B5F6005AD807 /* AllFilesPresenterInput.swift */,
				6B4842FD2B31B602005AD807 /* AllFilesPresenterOutput.swift */,
			);
			path = Presenter;
			sourceTree = "<group>";
		};
		6B4842F82B31B55E005AD807 /* Builder */ = {
			isa = PBXGroup;
			children = (
				6B4842F92B31B58F005AD807 /* AllFilesBuilder.swift */,
			);
			path = Builder;
			sourceTree = "<group>";
		};
		6B4843012B31CA28005AD807 /* View */ = {
			isa = PBXGroup;
			children = (
				6B8AFFF42B1B6F85009A988C /* OpenFolderVC.swift */,
			);
			path = View;
			sourceTree = "<group>";
		};
		6B4843022B31CA33005AD807 /* Presenter */ = {
			isa = PBXGroup;
			children = (
				6B8AFFF62B1B6F93009A988C /* OpenFolderPresenter.swift */,
				6B4843062B31CB45005AD807 /* OpenFolderPresenterInput.swift */,
				6B4843082B31CB58005AD807 /* OpenFolderPresenterOutput.swift */,
			);
			path = Presenter;
			sourceTree = "<group>";
		};
		6B4843032B31CA3A005AD807 /* Builder */ = {
			isa = PBXGroup;
			children = (
				6B4843042B31CAC3005AD807 /* OpenFolderInAllFilesBuilder.swift */,
			);
			path = Builder;
			sourceTree = "<group>";
		};
		6B48430C2B31E8DF005AD807 /* View */ = {
			isa = PBXGroup;
			children = (
				6BEEF0E92ACEC47000BBE68D /* ProfileViewController.swift */,
			);
			path = View;
			sourceTree = "<group>";
		};
		6B48430D2B31E8E7005AD807 /* Presenter */ = {
			isa = PBXGroup;
			children = (
				6BA0F7702AE95D56007EE8FC /* ProfilePresenter.swift */,
				6B4843132B31E9F6005AD807 /* ProfilePresenterInput.swift */,
				6B4843152B31EA00005AD807 /* ProfilePresenterOutput.swift */,
			);
			path = Presenter;
			sourceTree = "<group>";
		};
		6B48430E2B31E8F4005AD807 /* Builder */ = {
			isa = PBXGroup;
			children = (
				6B4843112B31E973005AD807 /* ProfileBuilder.swift */,
			);
			path = Builder;
			sourceTree = "<group>";
		};
		6B5FFAAD2B03AC1400300019 /* CustomCell */ = {
			isa = PBXGroup;
			children = (
				6B99242C2B07E91100002F8A /* PublicCellModel.swift */,
				6B5FFAAE2B03AC9700300019 /* PublicCell.swift */,
				6B99242E2B07E92200002F8A /* PublicCellPresenter.swift */,
			);
			path = CustomCell;
			sourceTree = "<group>";
		};
		6B68E7BA2B1D10A3003D5DE4 /* OpenPublicFolder */ = {
			isa = PBXGroup;
			children = (
				6B68E7BB2B1D10BD003D5DE4 /* OpenPublicFolderModel.swift */,
				6B68E7BD2B1D10C6003D5DE4 /* OpenPublicFolderVC.swift */,
				6B68E7BF2B1D10CE003D5DE4 /* OpenPublicFolderPresenter.swift */,
			);
			path = OpenPublicFolder;
			sourceTree = "<group>";
		};
		6B8AFFF12B1B6F45009A988C /* OpenFolder */ = {
			isa = PBXGroup;
			children = (
				6B4843032B31CA3A005AD807 /* Builder */,
				6B4843022B31CA33005AD807 /* Presenter */,
				6B4843012B31CA28005AD807 /* View */,
			);
			path = OpenFolder;
			sourceTree = "<group>";
		};
		6B9BA6272B28DDB400D69EBC /* NetworkService */ = {
			isa = PBXGroup;
			children = (
				6B9BA6282B28DDD600D69EBC /* NetworkService.swift */,
				6B48430F2B31E95C005AD807 /* NetworkServiceProfileProtocol.swift */,
				6B3DC63B2B30944C00C9FC83 /* NetworkServiceLatestProtocol.swift */,
				6B3DC6462B30BF2F00C9FC83 /* NetworkServiceLatestCellProtocol.swift */,
				6B4842FF2B31B86F005AD807 /* NetworkServiceAllFilesProtocol.swift */,
				6B48430A2B31D3F5005AD807 /* NetworkServiceAllOpenFolderProtocol.swift */,
			);
			path = NetworkService;
			sourceTree = "<group>";
		};
		6BC3FC392AD71EBF00A86FF6 /* LoginScreen */ = {
			isa = PBXGroup;
			children = (
				6B295E892AD81DC4003FD56C /* LoginScreenModel.swift */,
				6BC3FC372AD71EB800A86FF6 /* LoginScreenViewController.swift */,
				6B295E8B2AD81DF7003FD56C /* LoginScreenPresenter.swift */,
			);
			path = LoginScreen;
			sourceTree = "<group>";
		};
		6BD139AC2B068AF000BE5B42 /* CustomCell */ = {
			isa = PBXGroup;
			children = (
				6B3DC63E2B30BC8B00C9FC83 /* Presenter */,
				6B3DC63D2B30BC8100C9FC83 /* View */,
			);
			path = CustomCell;
			sourceTree = "<group>";
		};
		6BD139AF2B068CD900BE5B42 /* ViewingScreen */ = {
			isa = PBXGroup;
			children = (
				6B76FB6D2B0BC61A00B66E93 /* ViewingScreenModel.swift */,
				6B76FB692B0BC5E200B66E93 /* ViewingScreenViewController.swift */,
				6B76FB6B2B0BC60900B66E93 /* ViewingScreenPresenter.swift */,
				6BD8314F2B121B2C00A59441 /* RenameFile */,
			);
			path = ViewingScreen;
			sourceTree = "<group>";
		};
		6BD8314F2B121B2C00A59441 /* RenameFile */ = {
			isa = PBXGroup;
			children = (
				6BD831502B121B5E00A59441 /* RenameFileModel.swift */,
				6BD831522B121B6800A59441 /* RenameFileVC.swift */,
				6BD831542B121B7500A59441 /* RenameFilePresenter.swift */,
			);
			path = RenameFile;
			sourceTree = "<group>";
		};
		6BEAF40B2B0276BC00A80A4E /* PublicFiles */ = {
			isa = PBXGroup;
			children = (
				6BEAF40C2B0276E900A80A4E /* PublicFilesModel.swift */,
				6BEAF40E2B0276F800A80A4E /* PublicFilesViewController.swift */,
				6BEAF4102B02770500A80A4E /* PublicFilesPresenter.swift */,
				6B68E7BA2B1D10A3003D5DE4 /* OpenPublicFolder */,
			);
			path = PublicFiles;
			sourceTree = "<group>";
		};
		6BEEF0D92ACEC47000BBE68D = {
			isa = PBXGroup;
			children = (
				6BEEF0E42ACEC47000BBE68D /* SkillboxDrive */,
				6BEEF0E32ACEC47000BBE68D /* Products */,
				83627F2AA876CF14B63BCC28 /* Pods */,
				7263AE6E68AABB8E3FE7F8EF /* Frameworks */,
			);
			sourceTree = "<group>";
		};
		6BEEF0E32ACEC47000BBE68D /* Products */ = {
			isa = PBXGroup;
			children = (
				6BEEF0E22ACEC47000BBE68D /* SkillboxDrive.app */,
			);
			name = Products;
			sourceTree = "<group>";
		};
		6BEEF0E42ACEC47000BBE68D /* SkillboxDrive */ = {
			isa = PBXGroup;
			children = (
				6BEEF0E52ACEC47000BBE68D /* AppDelegate.swift */,
				6BEEF0E72ACEC47000BBE68D /* SceneDelegate.swift */,
				6B9BA6272B28DDB400D69EBC /* NetworkService */,
				6B205F302AD572E0001BB4CD /* Constants */,
				6B358D5F2B14F3B300AE4454 /* RealmModels */,
				6BFC67662AFFFE7600711AA7 /* ResponseModels */,
				6BEEF1042ACED96200BBE68D /* Onboarding */,
				6B177E7F2AF9428300F43811 /* Authorization */,
				6BC3FC392AD71EBF00A86FF6 /* LoginScreen */,
				6BD139AF2B068CD900BE5B42 /* ViewingScreen */,
				6B3DC6272B3081C100C9FC83 /* MVPExample */,
				6BEEF0FC2ACED77100BBE68D /* MainTabBar */,
				6BEEF0F12ACEC47100BBE68D /* Assets.xcassets */,
				6B295E922AD84CAF003FD56C /* Localize.strings */,
				6BEEF0F32ACEC47100BBE68D /* LaunchScreen.storyboard */,
				6BEEF0F62ACEC47100BBE68D /* Info.plist */,
				6BEEF0EE2ACEC47000BBE68D /* SkillboxDrive.xcdatamodeld */,
			);
			path = SkillboxDrive;
			sourceTree = "<group>";
		};
		6BEEF0FC2ACED77100BBE68D /* MainTabBar */ = {
			isa = PBXGroup;
			children = (
				6BEEF0FD2ACED7D300BBE68D /* Profile */,
				6BEEF0FE2ACED7E300BBE68D /* Latest */,
				6BEEF0FF2ACED7F400BBE68D /* AllFiles */,
			);
			path = MainTabBar;
			sourceTree = "<group>";
		};
		6BEEF0FD2ACED7D300BBE68D /* Profile */ = {
			isa = PBXGroup;
			children = (
				6B48430E2B31E8F4005AD807 /* Builder */,
				6B48430D2B31E8E7005AD807 /* Presenter */,
				6B48430C2B31E8DF005AD807 /* View */,
				6B5FFAAD2B03AC1400300019 /* CustomCell */,
				6BEAF40B2B0276BC00A80A4E /* PublicFiles */,
			);
			path = Profile;
			sourceTree = "<group>";
		};
		6BEEF0FE2ACED7E300BBE68D /* Latest */ = {
			isa = PBXGroup;
			children = (
				6B3DC6342B3090A400C9FC83 /* Builder */,
				6B3DC6332B30909300C9FC83 /* Presenter */,
				6B3DC6322B30908D00C9FC83 /* View */,
				6BD139AC2B068AF000BE5B42 /* CustomCell */,
			);
			path = Latest;
			sourceTree = "<group>";
		};
		6BEEF0FF2ACED7F400BBE68D /* AllFiles */ = {
			isa = PBXGroup;
			children = (
				6B4842F82B31B55E005AD807 /* Builder */,
				6B4842F72B31B54D005AD807 /* Presenter */,
				6B4842F62B31B53E005AD807 /* View */,
				6B8AFFF12B1B6F45009A988C /* OpenFolder */,
			);
			path = AllFiles;
			sourceTree = "<group>";
		};
		6BEEF1042ACED96200BBE68D /* Onboarding */ = {
			isa = PBXGroup;
			children = (
				6B3DC6312B308F9D00C9FC83 /* OnboardingCell */,
				6B3DC6302B308F7E00C9FC83 /* Entity */,
				6B3DC6292B30852600C9FC83 /* Builder */,
				6B3DC62A2B30853D00C9FC83 /* Presenter */,
				6B3DC62B2B30855B00C9FC83 /* View */,
			);
			path = Onboarding;
			sourceTree = "<group>";
		};
		6BFC67662AFFFE7600711AA7 /* ResponseModels */ = {
			isa = PBXGroup;
			children = (
				6B177E822AF973ED00F43811 /* ResponseModels.swift */,
			);
			name = ResponseModels;
			sourceTree = "<group>";
		};
		7263AE6E68AABB8E3FE7F8EF /* Frameworks */ = {
			isa = PBXGroup;
			children = (
				B7C82EA2B9B4EBEF875B8675 /* Pods_SkillboxDrive.framework */,
			);
			name = Frameworks;
			sourceTree = "<group>";
		};
		83627F2AA876CF14B63BCC28 /* Pods */ = {
			isa = PBXGroup;
			children = (
				E521CEC29C4BD08272839C9B /* Pods-SkillboxDrive.debug.xcconfig */,
				8D2BBF3C3FCB414F081C3D08 /* Pods-SkillboxDrive.release.xcconfig */,
			);
			path = Pods;
			sourceTree = "<group>";
		};
/* End PBXGroup section */

/* Begin PBXNativeTarget section */
		6BEEF0E12ACEC47000BBE68D /* SkillboxDrive */ = {
			isa = PBXNativeTarget;
			buildConfigurationList = 6BEEF0F92ACEC47100BBE68D /* Build configuration list for PBXNativeTarget "SkillboxDrive" */;
			buildPhases = (
				EBE1658AC6D6F42F7CE21A83 /* [CP] Check Pods Manifest.lock */,
				6BEEF0DE2ACEC47000BBE68D /* Sources */,
				6BEEF0DF2ACEC47000BBE68D /* Frameworks */,
				6BEEF0E02ACEC47000BBE68D /* Resources */,
				2E380983ACEA1F615B63673F /* [CP] Embed Pods Frameworks */,
				6BF89FD02B29DF9400289470 /* ShellScript */,
			);
			buildRules = (
			);
			dependencies = (
			);
			name = SkillboxDrive;
			productName = SkillboxDrive;
			productReference = 6BEEF0E22ACEC47000BBE68D /* SkillboxDrive.app */;
			productType = "com.apple.product-type.application";
		};
/* End PBXNativeTarget section */

/* Begin PBXProject section */
		6BEEF0DA2ACEC47000BBE68D /* Project object */ = {
			isa = PBXProject;
			attributes = {
				BuildIndependentTargetsInParallel = 1;
				LastSwiftUpdateCheck = 1320;
				LastUpgradeCheck = 1320;
				TargetAttributes = {
					6BEEF0E12ACEC47000BBE68D = {
						CreatedOnToolsVersion = 13.2.1;
					};
				};
			};
			buildConfigurationList = 6BEEF0DD2ACEC47000BBE68D /* Build configuration list for PBXProject "SkillboxDrive" */;
			compatibilityVersion = "Xcode 13.0";
			developmentRegion = en;
			hasScannedForEncodings = 0;
			knownRegions = (
				en,
				Base,
				ru,
			);
			mainGroup = 6BEEF0D92ACEC47000BBE68D;
			productRefGroup = 6BEEF0E32ACEC47000BBE68D /* Products */;
			projectDirPath = "";
			projectRoot = "";
			targets = (
				6BEEF0E12ACEC47000BBE68D /* SkillboxDrive */,
			);
		};
/* End PBXProject section */

/* Begin PBXResourcesBuildPhase section */
		6BEEF0E02ACEC47000BBE68D /* Resources */ = {
			isa = PBXResourcesBuildPhase;
			buildActionMask = 2147483647;
			files = (
				6BEEF0F52ACEC47100BBE68D /* LaunchScreen.storyboard in Resources */,
				6B3DC6282B3081C100C9FC83 /* MVPExample in Resources */,
				6BEEF0F22ACEC47100BBE68D /* Assets.xcassets in Resources */,
				6B295E902AD84CAF003FD56C /* Localize.strings in Resources */,
			);
			runOnlyForDeploymentPostprocessing = 0;
		};
/* End PBXResourcesBuildPhase section */

/* Begin PBXShellScriptBuildPhase section */
		2E380983ACEA1F615B63673F /* [CP] Embed Pods Frameworks */ = {
			isa = PBXShellScriptBuildPhase;
			buildActionMask = 2147483647;
			files = (
			);
			inputFileListPaths = (
				"${PODS_ROOT}/Target Support Files/Pods-SkillboxDrive/Pods-SkillboxDrive-frameworks-${CONFIGURATION}-input-files.xcfilelist",
			);
			name = "[CP] Embed Pods Frameworks";
			outputFileListPaths = (
				"${PODS_ROOT}/Target Support Files/Pods-SkillboxDrive/Pods-SkillboxDrive-frameworks-${CONFIGURATION}-output-files.xcfilelist",
			);
			runOnlyForDeploymentPostprocessing = 0;
			shellPath = /bin/sh;
			shellScript = "\"${PODS_ROOT}/Target Support Files/Pods-SkillboxDrive/Pods-SkillboxDrive-frameworks.sh\"\n";
			showEnvVarsInLog = 0;
		};
		6BF89FD02B29DF9400289470 /* ShellScript */ = {
			isa = PBXShellScriptBuildPhase;
			buildActionMask = 2147483647;
			files = (
			);
			inputFileListPaths = (
			);
			inputPaths = (
			);
			outputFileListPaths = (
			);
			outputPaths = (
			);
			runOnlyForDeploymentPostprocessing = 0;
			shellPath = /bin/sh;
			shellScript = "# Type a script or drag a script file from your workspace to insert its path.\n${PODS_ROOT}/SwiftLint/swiftlint\n";
		};
		EBE1658AC6D6F42F7CE21A83 /* [CP] Check Pods Manifest.lock */ = {
			isa = PBXShellScriptBuildPhase;
			buildActionMask = 2147483647;
			files = (
			);
			inputFileListPaths = (
			);
			inputPaths = (
				"${PODS_PODFILE_DIR_PATH}/Podfile.lock",
				"${PODS_ROOT}/Manifest.lock",
			);
			name = "[CP] Check Pods Manifest.lock";
			outputFileListPaths = (
			);
			outputPaths = (
				"$(DERIVED_FILE_DIR)/Pods-SkillboxDrive-checkManifestLockResult.txt",
			);
			runOnlyForDeploymentPostprocessing = 0;
			shellPath = /bin/sh;
			shellScript = "diff \"${PODS_PODFILE_DIR_PATH}/Podfile.lock\" \"${PODS_ROOT}/Manifest.lock\" > /dev/null\nif [ $? != 0 ] ; then\n    # print error to STDERR\n    echo \"error: The sandbox is not in sync with the Podfile.lock. Run 'pod install' or update your CocoaPods installation.\" >&2\n    exit 1\nfi\n# This output is used by Xcode 'outputs' to avoid re-running this script phase.\necho \"SUCCESS\" > \"${SCRIPT_OUTPUT_FILE_0}\"\n";
			showEnvVarsInLog = 0;
		};
/* End PBXShellScriptBuildPhase section */

/* Begin PBXSourcesBuildPhase section */
		6BEEF0DE2ACEC47000BBE68D /* Sources */ = {
			isa = PBXSourcesBuildPhase;
			buildActionMask = 2147483647;
			files = (
				6B7FC6612B16101D0002573E /* LatestRealmModel.swift in Sources */,
				6B4843002B31B86F005AD807 /* NetworkServiceAllFilesProtocol.swift in Sources */,
				6B68E7BC2B1D10BD003D5DE4 /* OpenPublicFolderModel.swift in Sources */,
				6BD831552B121B7500A59441 /* RenameFilePresenter.swift in Sources */,
				6B5FFAAF2B03AC9700300019 /* PublicCell.swift in Sources */,
				6B4843092B31CB58005AD807 /* OpenFolderPresenterOutput.swift in Sources */,
				6B3DC6382B3090DD00C9FC83 /* LatestPresenterInput.swift in Sources */,
				6B3DC62D2B3085C600C9FC83 /* OnboardingPresenterInput.swift in Sources */,
				6B4843052B31CAC3005AD807 /* OpenFolderInAllFilesBuilder.swift in Sources */,
				6B177E832AF973ED00F43811 /* ResponseModels.swift in Sources */,
				6BD831512B121B5E00A59441 /* RenameFileModel.swift in Sources */,
				6B48430B2B31D3F5005AD807 /* NetworkServiceAllOpenFolderProtocol.swift in Sources */,
				6B3DC63A2B3090F200C9FC83 /* LatestPresenterOutput.swift in Sources */,
				6B68E7BE2B1D10C6003D5DE4 /* OpenPublicFolderVC.swift in Sources */,
				6BEEF0F02ACEC47000BBE68D /* SkillboxDrive.xcdatamodeld in Sources */,
				6B9BA6292B28DDD600D69EBC /* NetworkService.swift in Sources */,
				6B4843162B31EA00005AD807 /* ProfilePresenterOutput.swift in Sources */,
				6BD139AE2B068B0C00BE5B42 /* LatestCell.swift in Sources */,
				6B76FB6A2B0BC5E200B66E93 /* ViewingScreenViewController.swift in Sources */,
				6BEEF0EA2ACEC47000BBE68D /* ProfileViewController.swift in Sources */,
				6B76FB6C2B0BC60900B66E93 /* ViewingScreenPresenter.swift in Sources */,
				6B3DC6472B30BF2F00C9FC83 /* NetworkServiceLatestCellProtocol.swift in Sources */,
				6B4842FC2B31B5F6005AD807 /* AllFilesPresenterInput.swift in Sources */,
				6BC3FC382AD71EB800A86FF6 /* LoginScreenViewController.swift in Sources */,
				6BEAF4112B02770500A80A4E /* PublicFilesPresenter.swift in Sources */,
				6B295E8A2AD81DC4003FD56C /* LoginScreenModel.swift in Sources */,
				6BEEF0E62ACEC47000BBE68D /* AppDelegate.swift in Sources */,
				6B4842FA2B31B58F005AD807 /* AllFilesBuilder.swift in Sources */,
				6B205F342AD587ED001BB4CD /* CustomOnboardingCell.swift in Sources */,
				6B99242B2B07E68500002F8A /* LatestCellPresenter.swift in Sources */,
				6B3DC63C2B30944C00C9FC83 /* NetworkServiceLatestProtocol.swift in Sources */,
				6B3DC6432B30BCE100C9FC83 /* LatestCellPresenterInput.swift in Sources */,
				6BEEF10A2ACED9FE00BBE68D /* OnboardingPresenter.swift in Sources */,
				6B8AFFF72B1B6F93009A988C /* OpenFolderPresenter.swift in Sources */,
				6B205F322AD5736A001BB4CD /* Constants.swift in Sources */,
				6B76FB6E2B0BC61A00B66E93 /* ViewingScreenModel.swift in Sources */,
				6B177E812AF942B900F43811 /* AuthViewController.swift in Sources */,
				6B99242F2B07E92200002F8A /* PublicCellPresenter.swift in Sources */,
				6B99242D2B07E91200002F8A /* PublicCellModel.swift in Sources */,
				6B4843142B31E9F6005AD807 /* ProfilePresenterInput.swift in Sources */,
				6B8AFFF52B1B6F85009A988C /* OpenFolderVC.swift in Sources */,
				6BEEF0E82ACEC47000BBE68D /* SceneDelegate.swift in Sources */,
				6B3DC6362B3090C000C9FC83 /* LatestBuilder.swift in Sources */,
				6B4842FE2B31B602005AD807 /* AllFilesPresenterOutput.swift in Sources */,
				6BEAF40D2B0276E900A80A4E /* PublicFilesModel.swift in Sources */,
				6B7FC6632B1672350002573E /* PublicRealmModel.swift in Sources */,
				6B68E7C02B1D10CE003D5DE4 /* OpenPublicFolderPresenter.swift in Sources */,
				6BD139AB2B06654800BE5B42 /* LatestPresenter.swift in Sources */,
				6B4843122B31E973005AD807 /* ProfileBuilder.swift in Sources */,
				6B3DC62F2B3087DE00C9FC83 /* OnboardingBuilder.swift in Sources */,
				6BEAF40F2B0276F800A80A4E /* PublicFilesViewController.swift in Sources */,
				6B8AFFEE2B1B511B009A988C /* AllFilesPresenter.swift in Sources */,
				6B4843182B31EC58005AD807 /* Units.swift in Sources */,
				6BA0F7712AE95D56007EE8FC /* ProfilePresenter.swift in Sources */,
				6B4C4B812AFCF7B30048D1B3 /* WebCacheCleaner.swift in Sources */,
				6B8AFFF02B1B5E6E009A988C /* AllFilesRealmModel.swift in Sources */,
				6BEEF1082ACED9EE00BBE68D /* OnboardingModel.swift in Sources */,
				6B295E8C2AD81DF7003FD56C /* LoginScreenPresenter.swift in Sources */,
				6BD831532B121B6800A59441 /* RenameFileVC.swift in Sources */,
				6B4843072B31CB45005AD807 /* OpenFolderPresenterInput.swift in Sources */,
				6BEEF1062ACED97D00BBE68D /* OnboardingViewController.swift in Sources */,
				6BEEF1032ACED86700BBE68D /* AllFilesViewController.swift in Sources */,
				6B4843102B31E95C005AD807 /* NetworkServiceProfileProtocol.swift in Sources */,
				6BEEF1012ACED85700BBE68D /* LatestViewController.swift in Sources */,
			);
			runOnlyForDeploymentPostprocessing = 0;
		};
/* End PBXSourcesBuildPhase section */

/* Begin PBXVariantGroup section */
		6B295E922AD84CAF003FD56C /* Localize.strings */ = {
			isa = PBXVariantGroup;
			children = (
				6B295E912AD84CAF003FD56C /* ru */,
				6B295E932AD84CB3003FD56C /* en */,
			);
			name = Localize.strings;
			sourceTree = "<group>";
		};
		6BEEF0F32ACEC47100BBE68D /* LaunchScreen.storyboard */ = {
			isa = PBXVariantGroup;
			children = (
				6BEEF0F42ACEC47100BBE68D /* Base */,
				6B295E8D2AD84C3E003FD56C /* ru */,
			);
			name = LaunchScreen.storyboard;
			sourceTree = "<group>";
		};
/* End PBXVariantGroup section */

/* Begin XCBuildConfiguration section */
		6BEEF0F72ACEC47100BBE68D /* Debug */ = {
			isa = XCBuildConfiguration;
			buildSettings = {
				ALWAYS_SEARCH_USER_PATHS = NO;
				CLANG_ANALYZER_LOCALIZABILITY_NONLOCALIZED = YES;
				CLANG_ANALYZER_NONNULL = YES;
				CLANG_ANALYZER_NUMBER_OBJECT_CONVERSION = YES_AGGRESSIVE;
				CLANG_CXX_LANGUAGE_STANDARD = "gnu++17";
				CLANG_CXX_LIBRARY = "libc++";
				CLANG_ENABLE_MODULES = YES;
				CLANG_ENABLE_OBJC_ARC = YES;
				CLANG_ENABLE_OBJC_WEAK = YES;
				CLANG_WARN_BLOCK_CAPTURE_AUTORELEASING = YES;
				CLANG_WARN_BOOL_CONVERSION = YES;
				CLANG_WARN_COMMA = YES;
				CLANG_WARN_CONSTANT_CONVERSION = YES;
				CLANG_WARN_DEPRECATED_OBJC_IMPLEMENTATIONS = YES;
				CLANG_WARN_DIRECT_OBJC_ISA_USAGE = YES_ERROR;
				CLANG_WARN_DOCUMENTATION_COMMENTS = YES;
				CLANG_WARN_EMPTY_BODY = YES;
				CLANG_WARN_ENUM_CONVERSION = YES;
				CLANG_WARN_INFINITE_RECURSION = YES;
				CLANG_WARN_INT_CONVERSION = YES;
				CLANG_WARN_NON_LITERAL_NULL_CONVERSION = YES;
				CLANG_WARN_OBJC_IMPLICIT_RETAIN_SELF = YES;
				CLANG_WARN_OBJC_LITERAL_CONVERSION = YES;
				CLANG_WARN_OBJC_ROOT_CLASS = YES_ERROR;
				CLANG_WARN_QUOTED_INCLUDE_IN_FRAMEWORK_HEADER = YES;
				CLANG_WARN_RANGE_LOOP_ANALYSIS = YES;
				CLANG_WARN_STRICT_PROTOTYPES = YES;
				CLANG_WARN_SUSPICIOUS_MOVE = YES;
				CLANG_WARN_UNGUARDED_AVAILABILITY = YES_AGGRESSIVE;
				CLANG_WARN_UNREACHABLE_CODE = YES;
				CLANG_WARN__DUPLICATE_METHOD_MATCH = YES;
				COPY_PHASE_STRIP = NO;
				DEBUG_INFORMATION_FORMAT = dwarf;
				ENABLE_STRICT_OBJC_MSGSEND = YES;
				ENABLE_TESTABILITY = YES;
				GCC_C_LANGUAGE_STANDARD = gnu11;
				GCC_DYNAMIC_NO_PIC = NO;
				GCC_NO_COMMON_BLOCKS = YES;
				GCC_OPTIMIZATION_LEVEL = 0;
				GCC_PREPROCESSOR_DEFINITIONS = (
					"DEBUG=1",
					"$(inherited)",
				);
				GCC_WARN_64_TO_32_BIT_CONVERSION = YES;
				GCC_WARN_ABOUT_RETURN_TYPE = YES_ERROR;
				GCC_WARN_UNDECLARED_SELECTOR = YES;
				GCC_WARN_UNINITIALIZED_AUTOS = YES_AGGRESSIVE;
				GCC_WARN_UNUSED_FUNCTION = YES;
				GCC_WARN_UNUSED_VARIABLE = YES;
				IPHONEOS_DEPLOYMENT_TARGET = 13.0;
				MTL_ENABLE_DEBUG_INFO = INCLUDE_SOURCE;
				MTL_FAST_MATH = YES;
				ONLY_ACTIVE_ARCH = YES;
				SDKROOT = iphoneos;
				SWIFT_ACTIVE_COMPILATION_CONDITIONS = DEBUG;
				SWIFT_OPTIMIZATION_LEVEL = "-Onone";
			};
			name = Debug;
		};
		6BEEF0F82ACEC47100BBE68D /* Release */ = {
			isa = XCBuildConfiguration;
			buildSettings = {
				ALWAYS_SEARCH_USER_PATHS = NO;
				CLANG_ANALYZER_LOCALIZABILITY_NONLOCALIZED = YES;
				CLANG_ANALYZER_NONNULL = YES;
				CLANG_ANALYZER_NUMBER_OBJECT_CONVERSION = YES_AGGRESSIVE;
				CLANG_CXX_LANGUAGE_STANDARD = "gnu++17";
				CLANG_CXX_LIBRARY = "libc++";
				CLANG_ENABLE_MODULES = YES;
				CLANG_ENABLE_OBJC_ARC = YES;
				CLANG_ENABLE_OBJC_WEAK = YES;
				CLANG_WARN_BLOCK_CAPTURE_AUTORELEASING = YES;
				CLANG_WARN_BOOL_CONVERSION = YES;
				CLANG_WARN_COMMA = YES;
				CLANG_WARN_CONSTANT_CONVERSION = YES;
				CLANG_WARN_DEPRECATED_OBJC_IMPLEMENTATIONS = YES;
				CLANG_WARN_DIRECT_OBJC_ISA_USAGE = YES_ERROR;
				CLANG_WARN_DOCUMENTATION_COMMENTS = YES;
				CLANG_WARN_EMPTY_BODY = YES;
				CLANG_WARN_ENUM_CONVERSION = YES;
				CLANG_WARN_INFINITE_RECURSION = YES;
				CLANG_WARN_INT_CONVERSION = YES;
				CLANG_WARN_NON_LITERAL_NULL_CONVERSION = YES;
				CLANG_WARN_OBJC_IMPLICIT_RETAIN_SELF = YES;
				CLANG_WARN_OBJC_LITERAL_CONVERSION = YES;
				CLANG_WARN_OBJC_ROOT_CLASS = YES_ERROR;
				CLANG_WARN_QUOTED_INCLUDE_IN_FRAMEWORK_HEADER = YES;
				CLANG_WARN_RANGE_LOOP_ANALYSIS = YES;
				CLANG_WARN_STRICT_PROTOTYPES = YES;
				CLANG_WARN_SUSPICIOUS_MOVE = YES;
				CLANG_WARN_UNGUARDED_AVAILABILITY = YES_AGGRESSIVE;
				CLANG_WARN_UNREACHABLE_CODE = YES;
				CLANG_WARN__DUPLICATE_METHOD_MATCH = YES;
				COPY_PHASE_STRIP = NO;
				DEBUG_INFORMATION_FORMAT = "dwarf-with-dsym";
				ENABLE_NS_ASSERTIONS = NO;
				ENABLE_STRICT_OBJC_MSGSEND = YES;
				GCC_C_LANGUAGE_STANDARD = gnu11;
				GCC_NO_COMMON_BLOCKS = YES;
				GCC_WARN_64_TO_32_BIT_CONVERSION = YES;
				GCC_WARN_ABOUT_RETURN_TYPE = YES_ERROR;
				GCC_WARN_UNDECLARED_SELECTOR = YES;
				GCC_WARN_UNINITIALIZED_AUTOS = YES_AGGRESSIVE;
				GCC_WARN_UNUSED_FUNCTION = YES;
				GCC_WARN_UNUSED_VARIABLE = YES;
				IPHONEOS_DEPLOYMENT_TARGET = 13.0;
				MTL_ENABLE_DEBUG_INFO = NO;
				MTL_FAST_MATH = YES;
				SDKROOT = iphoneos;
				SWIFT_COMPILATION_MODE = wholemodule;
				SWIFT_OPTIMIZATION_LEVEL = "-O";
				VALIDATE_PRODUCT = YES;
			};
			name = Release;
		};
		6BEEF0FA2ACEC47100BBE68D /* Debug */ = {
			isa = XCBuildConfiguration;
			baseConfigurationReference = E521CEC29C4BD08272839C9B /* Pods-SkillboxDrive.debug.xcconfig */;
			buildSettings = {
				ASSETCATALOG_COMPILER_APPICON_NAME = AppIcon;
				ASSETCATALOG_COMPILER_GLOBAL_ACCENT_COLOR_NAME = AccentColor;
				ASSETCATALOG_COMPILER_INCLUDE_ALL_APPICON_ASSETS = NO;
				CODE_SIGN_IDENTITY = "Apple Development";
				CODE_SIGN_STYLE = Automatic;
				CURRENT_PROJECT_VERSION = 1;
				DEVELOPMENT_TEAM = "";
				GENERATE_INFOPLIST_FILE = YES;
				INFOPLIST_FILE = SkillboxDrive/Info.plist;
				INFOPLIST_KEY_UIApplicationSupportsIndirectInputEvents = YES;
				INFOPLIST_KEY_UILaunchStoryboardName = LaunchScreen;
				INFOPLIST_KEY_UISupportedInterfaceOrientations_iPad = "UIInterfaceOrientationPortrait UIInterfaceOrientationPortraitUpsideDown UIInterfaceOrientationLandscapeLeft UIInterfaceOrientationLandscapeRight";
				INFOPLIST_KEY_UISupportedInterfaceOrientations_iPhone = "UIInterfaceOrientationPortrait UIInterfaceOrientationLandscapeLeft UIInterfaceOrientationLandscapeRight";
				IPHONEOS_DEPLOYMENT_TARGET = 13.0;
				LD_RUNPATH_SEARCH_PATHS = (
					"$(inherited)",
					"@executable_path/Frameworks",
				);
				MARKETING_VERSION = 1.0;
				PRODUCT_BUNDLE_IDENTIFIER = SkillBox.SkillboxDrive;
				PRODUCT_NAME = "$(TARGET_NAME)";
				PROVISIONING_PROFILE_SPECIFIER = "";
				SWIFT_EMIT_LOC_STRINGS = YES;
				SWIFT_VERSION = 5.0;
				TARGETED_DEVICE_FAMILY = "1,2";
			};
			name = Debug;
		};
		6BEEF0FB2ACEC47100BBE68D /* Release */ = {
			isa = XCBuildConfiguration;
			baseConfigurationReference = 8D2BBF3C3FCB414F081C3D08 /* Pods-SkillboxDrive.release.xcconfig */;
			buildSettings = {
				ASSETCATALOG_COMPILER_APPICON_NAME = AppIcon;
				ASSETCATALOG_COMPILER_GLOBAL_ACCENT_COLOR_NAME = AccentColor;
				ASSETCATALOG_COMPILER_INCLUDE_ALL_APPICON_ASSETS = NO;
				CODE_SIGN_IDENTITY = "Apple Development";
				CODE_SIGN_STYLE = Automatic;
				CURRENT_PROJECT_VERSION = 1;
				DEVELOPMENT_TEAM = "";
				GENERATE_INFOPLIST_FILE = YES;
				INFOPLIST_FILE = SkillboxDrive/Info.plist;
				INFOPLIST_KEY_UIApplicationSupportsIndirectInputEvents = YES;
				INFOPLIST_KEY_UILaunchStoryboardName = LaunchScreen;
				INFOPLIST_KEY_UISupportedInterfaceOrientations_iPad = "UIInterfaceOrientationPortrait UIInterfaceOrientationPortraitUpsideDown UIInterfaceOrientationLandscapeLeft UIInterfaceOrientationLandscapeRight";
				INFOPLIST_KEY_UISupportedInterfaceOrientations_iPhone = "UIInterfaceOrientationPortrait UIInterfaceOrientationLandscapeLeft UIInterfaceOrientationLandscapeRight";
				IPHONEOS_DEPLOYMENT_TARGET = 13.0;
				LD_RUNPATH_SEARCH_PATHS = (
					"$(inherited)",
					"@executable_path/Frameworks",
				);
				MARKETING_VERSION = 1.0;
				PRODUCT_BUNDLE_IDENTIFIER = SkillBox.SkillboxDrive;
				PRODUCT_NAME = "$(TARGET_NAME)";
				PROVISIONING_PROFILE_SPECIFIER = "";
				SWIFT_EMIT_LOC_STRINGS = YES;
				SWIFT_VERSION = 5.0;
				TARGETED_DEVICE_FAMILY = "1,2";
			};
			name = Release;
		};
/* End XCBuildConfiguration section */

/* Begin XCConfigurationList section */
		6BEEF0DD2ACEC47000BBE68D /* Build configuration list for PBXProject "SkillboxDrive" */ = {
			isa = XCConfigurationList;
			buildConfigurations = (
				6BEEF0F72ACEC47100BBE68D /* Debug */,
				6BEEF0F82ACEC47100BBE68D /* Release */,
			);
			defaultConfigurationIsVisible = 0;
			defaultConfigurationName = Release;
		};
		6BEEF0F92ACEC47100BBE68D /* Build configuration list for PBXNativeTarget "SkillboxDrive" */ = {
			isa = XCConfigurationList;
			buildConfigurations = (
				6BEEF0FA2ACEC47100BBE68D /* Debug */,
				6BEEF0FB2ACEC47100BBE68D /* Release */,
			);
			defaultConfigurationIsVisible = 0;
			defaultConfigurationName = Release;
		};
/* End XCConfigurationList section */

/* Begin XCVersionGroup section */
		6BEEF0EE2ACEC47000BBE68D /* SkillboxDrive.xcdatamodeld */ = {
			isa = XCVersionGroup;
			children = (
				6BEEF0EF2ACEC47000BBE68D /* SkillboxDrive.xcdatamodel */,
			);
			currentVersion = 6BEEF0EF2ACEC47000BBE68D /* SkillboxDrive.xcdatamodel */;
			path = SkillboxDrive.xcdatamodeld;
			sourceTree = "<group>";
			versionGroupType = wrapper.xcdatamodel;
		};
/* End XCVersionGroup section */
	};
	rootObject = 6BEEF0DA2ACEC47000BBE68D /* Project object */;
}
